// !$*UTF8*$!
{
	archiveVersion = 1;
	classes = {
	};
	objectVersion = 46;
	objects = {

/* Begin PBXBuildFile section */
		B3D88C511BDDCB290001357A /* VCRURLConnection.framework in Frameworks */ = {isa = PBXBuildFile; fileRef = B3D88C491BDDCB1A0001357A /* VCRURLConnection.framework */; };
		B3D88C531BDDCBBB0001357A /* VCR.m in Sources */ = {isa = PBXBuildFile; fileRef = B3B82897167E9B6800CCEC3C /* VCR.m */; };
		B3D88C541BDDCBBB0001357A /* VCR+NSURLSessionConfiguration.m in Sources */ = {isa = PBXBuildFile; fileRef = B3DEFB751877157300D3FE16 /* VCR+NSURLSessionConfiguration.m */; };
		B3D88C551BDDCBBB0001357A /* VCRCassette.m in Sources */ = {isa = PBXBuildFile; fileRef = B3B8289A167E9B6800CCEC3C /* VCRCassette.m */; };
		B3D88C561BDDCBBB0001357A /* VCRCassetteManager.m in Sources */ = {isa = PBXBuildFile; fileRef = B3B8289C167E9B6800CCEC3C /* VCRCassetteManager.m */; };
		B3D88C571BDDCBBB0001357A /* VCRError.m in Sources */ = {isa = PBXBuildFile; fileRef = B3FCE5061863F2D3009C0E12 /* VCRError.m */; };
		B3D88C581BDDCBBB0001357A /* VCROrderedMutableDictionary.m in Sources */ = {isa = PBXBuildFile; fileRef = C393569A17B5DA460025DC53 /* VCROrderedMutableDictionary.m */; };
		B3D88C591BDDCBBB0001357A /* VCRRecording.m in Sources */ = {isa = PBXBuildFile; fileRef = B3475BAE167EFFA80044511D /* VCRRecording.m */; };
		B3D88C5A1BDDCBBB0001357A /* VCRRecordingURLProtocol.m in Sources */ = {isa = PBXBuildFile; fileRef = B359FCE018734EE200FA20E2 /* VCRRecordingURLProtocol.m */; };
		B3D88C5B1BDDCBBB0001357A /* VCRReplayingURLProtocol.m in Sources */ = {isa = PBXBuildFile; fileRef = B359FCE51876411D00FA20E2 /* VCRReplayingURLProtocol.m */; };
		B3D88C5C1BDDCBBB0001357A /* VCRRequestKey.m in Sources */ = {isa = PBXBuildFile; fileRef = B3B828A0167E9B6800CCEC3C /* VCRRequestKey.m */; };
		B3D88C5E1BDDCC1A0001357A /* VCRURLConnection.h in Headers */ = {isa = PBXBuildFile; fileRef = B3D88C5D1BDDCC1A0001357A /* VCRURLConnection.h */; settings = {ASSET_TAGS = (); }; };
		B3D88C8D1BDDD10E0001357A /* VCR.h in CopyFiles */ = {isa = PBXBuildFile; fileRef = B3B82896167E9B6800CCEC3C /* VCR.h */; };
		B3D88C8E1BDDD1280001357A /* VCRRecordingURLProtocol.h in CopyFiles */ = {isa = PBXBuildFile; fileRef = B359FCDF18734EE200FA20E2 /* VCRRecordingURLProtocol.h */; };
		B3D88C8F1BDDD1310001357A /* VCRCassette.h in CopyFiles */ = {isa = PBXBuildFile; fileRef = B3B82899167E9B6800CCEC3C /* VCRCassette.h */; };
		B3D88C901BDDD1810001357A /* VCR.m in Sources */ = {isa = PBXBuildFile; fileRef = B3B82897167E9B6800CCEC3C /* VCR.m */; };
		B3D88C911BDDD1810001357A /* VCR+NSURLSessionConfiguration.m in Sources */ = {isa = PBXBuildFile; fileRef = B3DEFB751877157300D3FE16 /* VCR+NSURLSessionConfiguration.m */; };
		B3D88C921BDDD1810001357A /* VCRCassette.m in Sources */ = {isa = PBXBuildFile; fileRef = B3B8289A167E9B6800CCEC3C /* VCRCassette.m */; };
		B3D88C931BDDD1810001357A /* VCRCassetteManager.m in Sources */ = {isa = PBXBuildFile; fileRef = B3B8289C167E9B6800CCEC3C /* VCRCassetteManager.m */; };
		B3D88C941BDDD1810001357A /* VCRError.m in Sources */ = {isa = PBXBuildFile; fileRef = B3FCE5061863F2D3009C0E12 /* VCRError.m */; };
		B3D88C951BDDD1810001357A /* VCROrderedMutableDictionary.m in Sources */ = {isa = PBXBuildFile; fileRef = C393569A17B5DA460025DC53 /* VCROrderedMutableDictionary.m */; };
		B3D88C961BDDD1810001357A /* VCRRecording.m in Sources */ = {isa = PBXBuildFile; fileRef = B3475BAE167EFFA80044511D /* VCRRecording.m */; };
		B3D88C971BDDD1810001357A /* VCRRecordingURLProtocol.m in Sources */ = {isa = PBXBuildFile; fileRef = B359FCE018734EE200FA20E2 /* VCRRecordingURLProtocol.m */; };
		B3D88C981BDDD1810001357A /* VCRReplayingURLProtocol.m in Sources */ = {isa = PBXBuildFile; fileRef = B359FCE51876411D00FA20E2 /* VCRReplayingURLProtocol.m */; };
		B3D88C991BDDD1810001357A /* VCRRequestKey.m in Sources */ = {isa = PBXBuildFile; fileRef = B3B828A0167E9B6800CCEC3C /* VCRRequestKey.m */; };
		B3F466271BDDD50F004624A9 /* libVCRURLConnection.a in Frameworks */ = {isa = PBXBuildFile; fileRef = B3D88C811BDDD09C0001357A /* libVCRURLConnection.a */; settings = {ASSET_TAGS = (); }; };
		B3F4662D1BDDD548004624A9 /* VCR_NSURLConnectionTests.m in Sources */ = {isa = PBXBuildFile; fileRef = B386A6E81ADA1AB100ABF873 /* VCR_NSURLConnectionTests.m */; };
		B3F4662E1BDDD548004624A9 /* VCR_NSURLSessionTests.m in Sources */ = {isa = PBXBuildFile; fileRef = B386A6E91ADA1AB100ABF873 /* VCR_NSURLSessionTests.m */; };
		B3F4662F1BDDD548004624A9 /* VCRCassetteManagerTests.m in Sources */ = {isa = PBXBuildFile; fileRef = B386A6EB1ADA1AB100ABF873 /* VCRCassetteManagerTests.m */; };
		B3F466301BDDD548004624A9 /* VCRCassetteTests.m in Sources */ = {isa = PBXBuildFile; fileRef = B386A6ED1ADA1AB100ABF873 /* VCRCassetteTests.m */; };
		B3F466311BDDD548004624A9 /* VCRRecordingTests.m in Sources */ = {isa = PBXBuildFile; fileRef = B386A6EF1ADA1AB100ABF873 /* VCRRecordingTests.m */; };
		B3F466321BDDD548004624A9 /* VCRRecordingURLProtocolTests.m in Sources */ = {isa = PBXBuildFile; fileRef = B386A6F01ADA1AB100ABF873 /* VCRRecordingURLProtocolTests.m */; };
		B3F466331BDDD548004624A9 /* VCRReplayingURLProtocolTests.m in Sources */ = {isa = PBXBuildFile; fileRef = B386A6F11ADA1AB100ABF873 /* VCRReplayingURLProtocolTests.m */; };
		B3F466341BDDD548004624A9 /* VCRRequestKeyTests.m in Sources */ = {isa = PBXBuildFile; fileRef = B386A6F31ADA1AB100ABF873 /* VCRRequestKeyTests.m */; };
		B3F466351BDDD548004624A9 /* VCRTests.m in Sources */ = {isa = PBXBuildFile; fileRef = B386A6F41ADA1AB100ABF873 /* VCRTests.m */; };
		B3F466361BDDD548004624A9 /* XCTestCase+SRTAdditions.m in Sources */ = {isa = PBXBuildFile; fileRef = B386A6F61ADA1AB100ABF873 /* XCTestCase+SRTAdditions.m */; };
		B3F466371BDDD548004624A9 /* XCTestCase+SRTAdditions.m in Sources */ = {isa = PBXBuildFile; fileRef = B3BB2512167F23EC00C5E3C6 /* XCTestCase+SRTAdditions.m */; };
		B3F466381BDDD550004624A9 /* cassette-1.json in Resources */ = {isa = PBXBuildFile; fileRef = B386A6E41ADA1AB100ABF873 /* cassette-1.json */; };
		B3F466391BDDD550004624A9 /* test.png in Resources */ = {isa = PBXBuildFile; fileRef = B386A6E61ADA1AB100ABF873 /* test.png */; };
		B3F4663A1BDDD56F004624A9 /* MobileCoreServices.framework in Frameworks */ = {isa = PBXBuildFile; fileRef = B3D88C9A1BDDD1A50001357A /* MobileCoreServices.framework */; };
		B3FA968C1BDDC2FF007870A4 /* VCR_NSURLConnectionTests.m in Sources */ = {isa = PBXBuildFile; fileRef = B386A6E81ADA1AB100ABF873 /* VCR_NSURLConnectionTests.m */; settings = {ASSET_TAGS = (); }; };
		B3FA968D1BDDC30A007870A4 /* VCR_NSURLSessionTests.m in Sources */ = {isa = PBXBuildFile; fileRef = B386A6E91ADA1AB100ABF873 /* VCR_NSURLSessionTests.m */; settings = {ASSET_TAGS = (); }; };
		B3FA968E1BDDC30A007870A4 /* VCRCassetteManagerTests.m in Sources */ = {isa = PBXBuildFile; fileRef = B386A6EB1ADA1AB100ABF873 /* VCRCassetteManagerTests.m */; settings = {ASSET_TAGS = (); }; };
		B3FA968F1BDDC30A007870A4 /* VCRCassetteTests.m in Sources */ = {isa = PBXBuildFile; fileRef = B386A6ED1ADA1AB100ABF873 /* VCRCassetteTests.m */; settings = {ASSET_TAGS = (); }; };
		B3FA96901BDDC30A007870A4 /* VCRRecordingTests.m in Sources */ = {isa = PBXBuildFile; fileRef = B386A6EF1ADA1AB100ABF873 /* VCRRecordingTests.m */; settings = {ASSET_TAGS = (); }; };
		B3FA96911BDDC30A007870A4 /* VCRRecordingURLProtocolTests.m in Sources */ = {isa = PBXBuildFile; fileRef = B386A6F01ADA1AB100ABF873 /* VCRRecordingURLProtocolTests.m */; settings = {ASSET_TAGS = (); }; };
		B3FA96921BDDC30A007870A4 /* VCRReplayingURLProtocolTests.m in Sources */ = {isa = PBXBuildFile; fileRef = B386A6F11ADA1AB100ABF873 /* VCRReplayingURLProtocolTests.m */; settings = {ASSET_TAGS = (); }; };
		B3FA96931BDDC30A007870A4 /* VCRRequestKeyTests.m in Sources */ = {isa = PBXBuildFile; fileRef = B386A6F31ADA1AB100ABF873 /* VCRRequestKeyTests.m */; settings = {ASSET_TAGS = (); }; };
		B3FA96941BDDC30A007870A4 /* VCRTests.m in Sources */ = {isa = PBXBuildFile; fileRef = B386A6F41ADA1AB100ABF873 /* VCRTests.m */; settings = {ASSET_TAGS = (); }; };
		B3FA96951BDDC30A007870A4 /* XCTestCase+SRTAdditions.m in Sources */ = {isa = PBXBuildFile; fileRef = B386A6F61ADA1AB100ABF873 /* XCTestCase+SRTAdditions.m */; settings = {ASSET_TAGS = (); }; };
		B3FA96971BDDC515007870A4 /* cassette-1.json in Resources */ = {isa = PBXBuildFile; fileRef = B386A6E41ADA1AB100ABF873 /* cassette-1.json */; };
		B3FA96981BDDC515007870A4 /* test.png in Resources */ = {isa = PBXBuildFile; fileRef = B386A6E61ADA1AB100ABF873 /* test.png */; };
/* End PBXBuildFile section */

/* Begin PBXContainerItemProxy section */
		B3F466281BDDD50F004624A9 /* PBXContainerItemProxy */ = {
			isa = PBXContainerItemProxy;
			containerPortal = B3B8284E167E990F00CCEC3C /* Project object */;
			proxyType = 1;
			remoteGlobalIDString = B3D88C801BDDD09C0001357A;
			remoteInfo = libVCRURLConnection;
		};
/* End PBXContainerItemProxy section */

/* Begin PBXCopyFilesBuildPhase section */
		B3D88C7F1BDDD09C0001357A /* CopyFiles */ = {
			isa = PBXCopyFilesBuildPhase;
			buildActionMask = 2147483647;
			dstPath = "include/$(PRODUCT_NAME)";
			dstSubfolderSpec = 16;
			files = (
				B3D88C8F1BDDD1310001357A /* VCRCassette.h in CopyFiles */,
				B3D88C8E1BDDD1280001357A /* VCRRecordingURLProtocol.h in CopyFiles */,
				B3D88C8D1BDDD10E0001357A /* VCR.h in CopyFiles */,
			);
			runOnlyForDeploymentPostprocessing = 0;
		};
/* End PBXCopyFilesBuildPhase section */

/* Begin PBXFileReference section */
		B3475BAD167EFFA70044511D /* VCRRecording.h */ = {isa = PBXFileReference; fileEncoding = 4; lastKnownFileType = sourcecode.c.h; path = VCRRecording.h; sourceTree = "<group>"; };
		B3475BAE167EFFA80044511D /* VCRRecording.m */ = {isa = PBXFileReference; fileEncoding = 4; lastKnownFileType = sourcecode.c.objc; path = VCRRecording.m; sourceTree = "<group>"; };
		B359FCDF18734EE200FA20E2 /* VCRRecordingURLProtocol.h */ = {isa = PBXFileReference; fileEncoding = 4; lastKnownFileType = sourcecode.c.h; path = VCRRecordingURLProtocol.h; sourceTree = "<group>"; };
		B359FCE018734EE200FA20E2 /* VCRRecordingURLProtocol.m */ = {isa = PBXFileReference; fileEncoding = 4; lastKnownFileType = sourcecode.c.objc; path = VCRRecordingURLProtocol.m; sourceTree = "<group>"; };
		B359FCE41876411D00FA20E2 /* VCRReplayingURLProtocol.h */ = {isa = PBXFileReference; fileEncoding = 4; lastKnownFileType = sourcecode.c.h; path = VCRReplayingURLProtocol.h; sourceTree = "<group>"; };
		B359FCE51876411D00FA20E2 /* VCRReplayingURLProtocol.m */ = {isa = PBXFileReference; fileEncoding = 4; lastKnownFileType = sourcecode.c.objc; path = VCRReplayingURLProtocol.m; sourceTree = "<group>"; };
		B386A6E41ADA1AB100ABF873 /* cassette-1.json */ = {isa = PBXFileReference; fileEncoding = 4; lastKnownFileType = text.json; path = "cassette-1.json"; sourceTree = "<group>"; };
		B386A6E61ADA1AB100ABF873 /* test.png */ = {isa = PBXFileReference; lastKnownFileType = image.png; path = test.png; sourceTree = "<group>"; };
		B386A6E71ADA1AB100ABF873 /* VCR_NSURLConnectionTests.h */ = {isa = PBXFileReference; fileEncoding = 4; lastKnownFileType = sourcecode.c.h; path = VCR_NSURLConnectionTests.h; sourceTree = "<group>"; };
		B386A6E81ADA1AB100ABF873 /* VCR_NSURLConnectionTests.m */ = {isa = PBXFileReference; fileEncoding = 4; lastKnownFileType = sourcecode.c.objc; path = VCR_NSURLConnectionTests.m; sourceTree = "<group>"; };
		B386A6E91ADA1AB100ABF873 /* VCR_NSURLSessionTests.m */ = {isa = PBXFileReference; fileEncoding = 4; lastKnownFileType = sourcecode.c.objc; path = VCR_NSURLSessionTests.m; sourceTree = "<group>"; };
		B386A6EA1ADA1AB100ABF873 /* VCRCassetteManagerTests.h */ = {isa = PBXFileReference; fileEncoding = 4; lastKnownFileType = sourcecode.c.h; path = VCRCassetteManagerTests.h; sourceTree = "<group>"; };
		B386A6EB1ADA1AB100ABF873 /* VCRCassetteManagerTests.m */ = {isa = PBXFileReference; fileEncoding = 4; lastKnownFileType = sourcecode.c.objc; path = VCRCassetteManagerTests.m; sourceTree = "<group>"; };
		B386A6EC1ADA1AB100ABF873 /* VCRCassetteTests.h */ = {isa = PBXFileReference; fileEncoding = 4; lastKnownFileType = sourcecode.c.h; path = VCRCassetteTests.h; sourceTree = "<group>"; };
		B386A6ED1ADA1AB100ABF873 /* VCRCassetteTests.m */ = {isa = PBXFileReference; fileEncoding = 4; lastKnownFileType = sourcecode.c.objc; path = VCRCassetteTests.m; sourceTree = "<group>"; };
		B386A6EE1ADA1AB100ABF873 /* VCRRecordingTests.h */ = {isa = PBXFileReference; fileEncoding = 4; lastKnownFileType = sourcecode.c.h; path = VCRRecordingTests.h; sourceTree = "<group>"; };
		B386A6EF1ADA1AB100ABF873 /* VCRRecordingTests.m */ = {isa = PBXFileReference; fileEncoding = 4; lastKnownFileType = sourcecode.c.objc; path = VCRRecordingTests.m; sourceTree = "<group>"; };
		B386A6F01ADA1AB100ABF873 /* VCRRecordingURLProtocolTests.m */ = {isa = PBXFileReference; fileEncoding = 4; lastKnownFileType = sourcecode.c.objc; path = VCRRecordingURLProtocolTests.m; sourceTree = "<group>"; };
		B386A6F11ADA1AB100ABF873 /* VCRReplayingURLProtocolTests.m */ = {isa = PBXFileReference; fileEncoding = 4; lastKnownFileType = sourcecode.c.objc; path = VCRReplayingURLProtocolTests.m; sourceTree = "<group>"; };
		B386A6F21ADA1AB100ABF873 /* VCRRequestKeyTests.h */ = {isa = PBXFileReference; fileEncoding = 4; lastKnownFileType = sourcecode.c.h; path = VCRRequestKeyTests.h; sourceTree = "<group>"; };
		B386A6F31ADA1AB100ABF873 /* VCRRequestKeyTests.m */ = {isa = PBXFileReference; fileEncoding = 4; lastKnownFileType = sourcecode.c.objc; path = VCRRequestKeyTests.m; sourceTree = "<group>"; };
		B386A6F41ADA1AB100ABF873 /* VCRTests.m */ = {isa = PBXFileReference; fileEncoding = 4; lastKnownFileType = sourcecode.c.objc; path = VCRTests.m; sourceTree = "<group>"; };
		B386A6F51ADA1AB100ABF873 /* XCTestCase+SRTAdditions.h */ = {isa = PBXFileReference; fileEncoding = 4; lastKnownFileType = sourcecode.c.h; path = "XCTestCase+SRTAdditions.h"; sourceTree = "<group>"; };
		B386A6F61ADA1AB100ABF873 /* XCTestCase+SRTAdditions.m */ = {isa = PBXFileReference; fileEncoding = 4; lastKnownFileType = sourcecode.c.objc; path = "XCTestCase+SRTAdditions.m"; sourceTree = "<group>"; };
		B386A7091ADA1E0000ABF873 /* MobileCoreServices.framework */ = {isa = PBXFileReference; lastKnownFileType = wrapper.framework; name = MobileCoreServices.framework; path = Platforms/iPhoneOS.platform/Developer/SDKs/iPhoneOS8.1.sdk/System/Library/Frameworks/MobileCoreServices.framework; sourceTree = DEVELOPER_DIR; };
		B3B82896167E9B6800CCEC3C /* VCR.h */ = {isa = PBXFileReference; fileEncoding = 4; lastKnownFileType = sourcecode.c.h; path = VCR.h; sourceTree = "<group>"; };
		B3B82897167E9B6800CCEC3C /* VCR.m */ = {isa = PBXFileReference; fileEncoding = 4; lastKnownFileType = sourcecode.c.objc; path = VCR.m; sourceTree = "<group>"; };
		B3B82898167E9B6800CCEC3C /* VCRCassette_Private.h */ = {isa = PBXFileReference; fileEncoding = 4; lastKnownFileType = sourcecode.c.h; path = VCRCassette_Private.h; sourceTree = "<group>"; };
		B3B82899167E9B6800CCEC3C /* VCRCassette.h */ = {isa = PBXFileReference; fileEncoding = 4; lastKnownFileType = sourcecode.c.h; path = VCRCassette.h; sourceTree = "<group>"; };
		B3B8289A167E9B6800CCEC3C /* VCRCassette.m */ = {isa = PBXFileReference; fileEncoding = 4; lastKnownFileType = sourcecode.c.objc; path = VCRCassette.m; sourceTree = "<group>"; };
		B3B8289B167E9B6800CCEC3C /* VCRCassetteManager.h */ = {isa = PBXFileReference; fileEncoding = 4; lastKnownFileType = sourcecode.c.h; path = VCRCassetteManager.h; sourceTree = "<group>"; };
		B3B8289C167E9B6800CCEC3C /* VCRCassetteManager.m */ = {isa = PBXFileReference; fileEncoding = 4; lastKnownFileType = sourcecode.c.objc; path = VCRCassetteManager.m; sourceTree = "<group>"; };
		B3B8289F167E9B6800CCEC3C /* VCRRequestKey.h */ = {isa = PBXFileReference; fileEncoding = 4; lastKnownFileType = sourcecode.c.h; path = VCRRequestKey.h; sourceTree = "<group>"; };
		B3B828A0167E9B6800CCEC3C /* VCRRequestKey.m */ = {isa = PBXFileReference; fileEncoding = 4; lastKnownFileType = sourcecode.c.objc; path = VCRRequestKey.m; sourceTree = "<group>"; };
		B3BB2511167F23EC00C5E3C6 /* XCTestCase+SRTAdditions.h */ = {isa = PBXFileReference; fileEncoding = 4; lastKnownFileType = sourcecode.c.h; name = "XCTestCase+SRTAdditions.h"; path = "VCRURLConnectionTests/XCTestCase+SRTAdditions.h"; sourceTree = "<group>"; };
		B3BB2512167F23EC00C5E3C6 /* XCTestCase+SRTAdditions.m */ = {isa = PBXFileReference; fileEncoding = 4; lastKnownFileType = sourcecode.c.objc; name = "XCTestCase+SRTAdditions.m"; path = "VCRURLConnectionTests/XCTestCase+SRTAdditions.m"; sourceTree = "<group>"; };
		B3D88C491BDDCB1A0001357A /* VCRURLConnection.framework */ = {isa = PBXFileReference; explicitFileType = wrapper.framework; includeInIndex = 0; path = VCRURLConnection.framework; sourceTree = BUILT_PRODUCTS_DIR; };
		B3D88C5D1BDDCC1A0001357A /* VCRURLConnection.h */ = {isa = PBXFileReference; fileEncoding = 4; lastKnownFileType = sourcecode.c.h; path = VCRURLConnection.h; sourceTree = "<group>"; };
		B3D88C811BDDD09C0001357A /* libVCRURLConnection.a */ = {isa = PBXFileReference; explicitFileType = archive.ar; includeInIndex = 0; path = libVCRURLConnection.a; sourceTree = BUILT_PRODUCTS_DIR; };
		B3D88C9A1BDDD1A50001357A /* MobileCoreServices.framework */ = {isa = PBXFileReference; lastKnownFileType = wrapper.framework; name = MobileCoreServices.framework; path = Platforms/iPhoneOS.platform/Developer/SDKs/iPhoneOS9.0.sdk/System/Library/Frameworks/MobileCoreServices.framework; sourceTree = DEVELOPER_DIR; };
		B3DEFB741877157300D3FE16 /* VCR+NSURLSessionConfiguration.h */ = {isa = PBXFileReference; fileEncoding = 4; lastKnownFileType = sourcecode.c.h; path = "VCR+NSURLSessionConfiguration.h"; sourceTree = "<group>"; };
		B3DEFB751877157300D3FE16 /* VCR+NSURLSessionConfiguration.m */ = {isa = PBXFileReference; fileEncoding = 4; lastKnownFileType = sourcecode.c.objc; path = "VCR+NSURLSessionConfiguration.m"; sourceTree = "<group>"; };
		B3F466221BDDD50F004624A9 /* VCRURLConnectionTests.xctest */ = {isa = PBXFileReference; explicitFileType = wrapper.cfbundle; includeInIndex = 0; path = VCRURLConnectionTests.xctest; sourceTree = BUILT_PRODUCTS_DIR; };
		B3FA96841BDDC284007870A4 /* VCRURLConnectionTestsOSX.xctest */ = {isa = PBXFileReference; explicitFileType = wrapper.cfbundle; includeInIndex = 0; path = VCRURLConnectionTestsOSX.xctest; sourceTree = BUILT_PRODUCTS_DIR; };
		B3FA96881BDDC284007870A4 /* Info.plist */ = {isa = PBXFileReference; lastKnownFileType = text.plist.xml; path = Info.plist; sourceTree = "<group>"; };
		B3FCE5051863F2D3009C0E12 /* VCRError.h */ = {isa = PBXFileReference; fileEncoding = 4; lastKnownFileType = sourcecode.c.h; path = VCRError.h; sourceTree = "<group>"; };
		B3FCE5061863F2D3009C0E12 /* VCRError.m */ = {isa = PBXFileReference; fileEncoding = 4; lastKnownFileType = sourcecode.c.objc; path = VCRError.m; sourceTree = "<group>"; };
		C393569917B5DA460025DC53 /* VCROrderedMutableDictionary.h */ = {isa = PBXFileReference; fileEncoding = 4; lastKnownFileType = sourcecode.c.h; path = VCROrderedMutableDictionary.h; sourceTree = "<group>"; };
		C393569A17B5DA460025DC53 /* VCROrderedMutableDictionary.m */ = {isa = PBXFileReference; fileEncoding = 4; lastKnownFileType = sourcecode.c.objc; path = VCROrderedMutableDictionary.m; sourceTree = "<group>"; };
/* End PBXFileReference section */

/* Begin PBXFrameworksBuildPhase section */
		B3D88C451BDDCB1A0001357A /* Frameworks */ = {
			isa = PBXFrameworksBuildPhase;
			buildActionMask = 2147483647;
			files = (
			);
			runOnlyForDeploymentPostprocessing = 0;
		};
		B3D88C7E1BDDD09C0001357A /* Frameworks */ = {
			isa = PBXFrameworksBuildPhase;
			buildActionMask = 2147483647;
			files = (
			);
			runOnlyForDeploymentPostprocessing = 0;
		};
		B3F4661F1BDDD50F004624A9 /* Frameworks */ = {
			isa = PBXFrameworksBuildPhase;
			buildActionMask = 2147483647;
			files = (
				B3F4663A1BDDD56F004624A9 /* MobileCoreServices.framework in Frameworks */,
				B3F466271BDDD50F004624A9 /* libVCRURLConnection.a in Frameworks */,
			);
			runOnlyForDeploymentPostprocessing = 0;
		};
		B3FA96811BDDC284007870A4 /* Frameworks */ = {
			isa = PBXFrameworksBuildPhase;
			buildActionMask = 2147483647;
			files = (
				B3D88C511BDDCB290001357A /* VCRURLConnection.framework in Frameworks */,
			);
			runOnlyForDeploymentPostprocessing = 0;
		};
/* End PBXFrameworksBuildPhase section */

/* Begin PBXGroup section */
		B386A6E31ADA1AB100ABF873 /* Resources */ = {
			isa = PBXGroup;
			children = (
				B386A6E41ADA1AB100ABF873 /* cassette-1.json */,
				B386A6E61ADA1AB100ABF873 /* test.png */,
			);
			path = Resources;
			sourceTree = "<group>";
		};
		B3B4FBFB1ADA178000C997D0 /* VCRURLConnection */ = {
			isa = PBXGroup;
			children = (
				B3D88C5D1BDDCC1A0001357A /* VCRURLConnection.h */,
				B3B82896167E9B6800CCEC3C /* VCR.h */,
				B3B82897167E9B6800CCEC3C /* VCR.m */,
				B3DEFB741877157300D3FE16 /* VCR+NSURLSessionConfiguration.h */,
				B3DEFB751877157300D3FE16 /* VCR+NSURLSessionConfiguration.m */,
				B3B82898167E9B6800CCEC3C /* VCRCassette_Private.h */,
				B3B82899167E9B6800CCEC3C /* VCRCassette.h */,
				B3B8289A167E9B6800CCEC3C /* VCRCassette.m */,
				B3B8289B167E9B6800CCEC3C /* VCRCassetteManager.h */,
				B3B8289C167E9B6800CCEC3C /* VCRCassetteManager.m */,
				B3FCE5051863F2D3009C0E12 /* VCRError.h */,
				B3FCE5061863F2D3009C0E12 /* VCRError.m */,
				C393569917B5DA460025DC53 /* VCROrderedMutableDictionary.h */,
				C393569A17B5DA460025DC53 /* VCROrderedMutableDictionary.m */,
				B3475BAD167EFFA70044511D /* VCRRecording.h */,
				B3475BAE167EFFA80044511D /* VCRRecording.m */,
				B359FCDF18734EE200FA20E2 /* VCRRecordingURLProtocol.h */,
				B359FCE018734EE200FA20E2 /* VCRRecordingURLProtocol.m */,
				B359FCE41876411D00FA20E2 /* VCRReplayingURLProtocol.h */,
				B359FCE51876411D00FA20E2 /* VCRReplayingURLProtocol.m */,
				B3B8289F167E9B6800CCEC3C /* VCRRequestKey.h */,
				B3B828A0167E9B6800CCEC3C /* VCRRequestKey.m */,
			);
			path = VCRURLConnection;
			sourceTree = "<group>";
		};
		B3B4FC081ADA178100C997D0 /* VCRURLConnectionTests */ = {
			isa = PBXGroup;
			children = (
				B386A6E71ADA1AB100ABF873 /* VCR_NSURLConnectionTests.h */,
				B386A6E81ADA1AB100ABF873 /* VCR_NSURLConnectionTests.m */,
				B386A6E91ADA1AB100ABF873 /* VCR_NSURLSessionTests.m */,
				B386A6EA1ADA1AB100ABF873 /* VCRCassetteManagerTests.h */,
				B386A6EB1ADA1AB100ABF873 /* VCRCassetteManagerTests.m */,
				B386A6EC1ADA1AB100ABF873 /* VCRCassetteTests.h */,
				B386A6ED1ADA1AB100ABF873 /* VCRCassetteTests.m */,
				B386A6EE1ADA1AB100ABF873 /* VCRRecordingTests.h */,
				B386A6EF1ADA1AB100ABF873 /* VCRRecordingTests.m */,
				B386A6F01ADA1AB100ABF873 /* VCRRecordingURLProtocolTests.m */,
				B386A6F11ADA1AB100ABF873 /* VCRReplayingURLProtocolTests.m */,
				B386A6F21ADA1AB100ABF873 /* VCRRequestKeyTests.h */,
				B386A6F31ADA1AB100ABF873 /* VCRRequestKeyTests.m */,
				B386A6F41ADA1AB100ABF873 /* VCRTests.m */,
				B386A6F51ADA1AB100ABF873 /* XCTestCase+SRTAdditions.h */,
				B386A6F61ADA1AB100ABF873 /* XCTestCase+SRTAdditions.m */,
				B386A6E31ADA1AB100ABF873 /* Resources */,
				B3BB251B167F243E00C5E3C6 /* Vendor */,
			);
			path = VCRURLConnectionTests;
			sourceTree = "<group>";
		};
		B3B8284C167E990F00CCEC3C = {
			isa = PBXGroup;
			children = (
				B3B4FBFB1ADA178000C997D0 /* VCRURLConnection */,
				B3B4FC081ADA178100C997D0 /* VCRURLConnectionTests */,
				B3FA96851BDDC284007870A4 /* VCRURLConnectionTestsOSX */,
				B3B82866167E9A6500CCEC3C /* Frameworks */,
				B3B82865167E9A6500CCEC3C /* Products */,
			);
			indentWidth = 4;
			sourceTree = "<group>";
			tabWidth = 4;
			usesTabs = 0;
		};
		B3B82865167E9A6500CCEC3C /* Products */ = {
			isa = PBXGroup;
			children = (
				B3FA96841BDDC284007870A4 /* VCRURLConnectionTestsOSX.xctest */,
				B3D88C491BDDCB1A0001357A /* VCRURLConnection.framework */,
				B3D88C811BDDD09C0001357A /* libVCRURLConnection.a */,
				B3F466221BDDD50F004624A9 /* VCRURLConnectionTests.xctest */,
			);
			name = Products;
			sourceTree = "<group>";
		};
		B3B82866167E9A6500CCEC3C /* Frameworks */ = {
			isa = PBXGroup;
			children = (
				B3D88C9A1BDDD1A50001357A /* MobileCoreServices.framework */,
				B386A7091ADA1E0000ABF873 /* MobileCoreServices.framework */,
			);
			name = Frameworks;
			sourceTree = "<group>";
		};
		B3BB251B167F243E00C5E3C6 /* Vendor */ = {
			isa = PBXGroup;
			children = (
				B3BB2511167F23EC00C5E3C6 /* XCTestCase+SRTAdditions.h */,
				B3BB2512167F23EC00C5E3C6 /* XCTestCase+SRTAdditions.m */,
			);
			name = Vendor;
			path = ..;
			sourceTree = "<group>";
		};
		B3FA96851BDDC284007870A4 /* VCRURLConnectionTestsOSX */ = {
			isa = PBXGroup;
			children = (
				B3FA96881BDDC284007870A4 /* Info.plist */,
			);
			path = VCRURLConnectionTestsOSX;
			sourceTree = "<group>";
		};
/* End PBXGroup section */

/* Begin PBXHeadersBuildPhase section */
		B3D88C461BDDCB1A0001357A /* Headers */ = {
			isa = PBXHeadersBuildPhase;
			buildActionMask = 2147483647;
			files = (
				B3D88C5E1BDDCC1A0001357A /* VCRURLConnection.h in Headers */,
			);
			runOnlyForDeploymentPostprocessing = 0;
		};
/* End PBXHeadersBuildPhase section */

/* Begin PBXNativeTarget section */
		B3D88C481BDDCB1A0001357A /* VCRURLConnection */ = {
			isa = PBXNativeTarget;
			buildConfigurationList = B3D88C4E1BDDCB1A0001357A /* Build configuration list for PBXNativeTarget "VCRURLConnection" */;
			buildPhases = (
				B3D88C441BDDCB1A0001357A /* Sources */,
				B3D88C451BDDCB1A0001357A /* Frameworks */,
				B3D88C461BDDCB1A0001357A /* Headers */,
				B3D88C471BDDCB1A0001357A /* Resources */,
			);
			buildRules = (
			);
			dependencies = (
			);
			name = VCRURLConnection;
			productName = VCRURLConnection;
			productReference = B3D88C491BDDCB1A0001357A /* VCRURLConnection.framework */;
			productType = "com.apple.product-type.framework";
		};
		B3D88C801BDDD09C0001357A /* libVCRURLConnection */ = {
			isa = PBXNativeTarget;
			buildConfigurationList = B3D88C871BDDD09C0001357A /* Build configuration list for PBXNativeTarget "libVCRURLConnection" */;
			buildPhases = (
				B3D88C7D1BDDD09C0001357A /* Sources */,
				B3D88C7E1BDDD09C0001357A /* Frameworks */,
				B3D88C7F1BDDD09C0001357A /* CopyFiles */,
			);
			buildRules = (
			);
			dependencies = (
			);
			name = libVCRURLConnection;
			productName = libVCRURLConnection;
			productReference = B3D88C811BDDD09C0001357A /* libVCRURLConnection.a */;
			productType = "com.apple.product-type.library.static";
		};
		B3F466211BDDD50F004624A9 /* VCRURLConnectionTests */ = {
			isa = PBXNativeTarget;
			buildConfigurationList = B3F4662A1BDDD50F004624A9 /* Build configuration list for PBXNativeTarget "VCRURLConnectionTests" */;
			buildPhases = (
				B3F4661E1BDDD50F004624A9 /* Sources */,
				B3F4661F1BDDD50F004624A9 /* Frameworks */,
				B3F466201BDDD50F004624A9 /* Resources */,
			);
			buildRules = (
			);
			dependencies = (
				B3F466291BDDD50F004624A9 /* PBXTargetDependency */,
			);
			name = VCRURLConnectionTests;
			productName = VCRURLConnectionTests;
			productReference = B3F466221BDDD50F004624A9 /* VCRURLConnectionTests.xctest */;
			productType = "com.apple.product-type.bundle.unit-test";
		};
		B3FA96831BDDC284007870A4 /* VCRURLConnectionTestsOSX */ = {
			isa = PBXNativeTarget;
			buildConfigurationList = B3FA968B1BDDC284007870A4 /* Build configuration list for PBXNativeTarget "VCRURLConnectionTestsOSX" */;
			buildPhases = (
				B3FA96801BDDC284007870A4 /* Sources */,
				B3FA96811BDDC284007870A4 /* Frameworks */,
				B3FA96821BDDC284007870A4 /* Resources */,
			);
			buildRules = (
			);
			dependencies = (
			);
			name = VCRURLConnectionTestsOSX;
			productName = VCRURLConnectionTestsOSX;
			productReference = B3FA96841BDDC284007870A4 /* VCRURLConnectionTestsOSX.xctest */;
			productType = "com.apple.product-type.bundle.unit-test";
		};
/* End PBXNativeTarget section */

/* Begin PBXProject section */
		B3B8284E167E990F00CCEC3C /* Project object */ = {
			isa = PBXProject;
			attributes = {
				LastUpgradeCheck = 0700;
				TargetAttributes = {
					B3D88C481BDDCB1A0001357A = {
						CreatedOnToolsVersion = 7.0.1;
					};
					B3D88C801BDDD09C0001357A = {
						CreatedOnToolsVersion = 7.0.1;
					};
					B3F466211BDDD50F004624A9 = {
						CreatedOnToolsVersion = 7.0.1;
					};
					B3FA96831BDDC284007870A4 = {
						CreatedOnToolsVersion = 7.0.1;
					};
				};
			};
			buildConfigurationList = B3B82851167E990F00CCEC3C /* Build configuration list for PBXProject "VCRURLConnection" */;
			compatibilityVersion = "Xcode 3.2";
			developmentRegion = English;
			hasScannedForEncodings = 0;
			knownRegions = (
				en,
			);
			mainGroup = B3B8284C167E990F00CCEC3C;
			productRefGroup = B3B82865167E9A6500CCEC3C /* Products */;
			projectDirPath = "";
			projectRoot = "";
			targets = (
				B3FA96831BDDC284007870A4 /* VCRURLConnectionTestsOSX */,
				B3D88C481BDDCB1A0001357A /* VCRURLConnection */,
				B3D88C801BDDD09C0001357A /* libVCRURLConnection */,
				B3F466211BDDD50F004624A9 /* VCRURLConnectionTests */,
			);
		};
/* End PBXProject section */

/* Begin PBXResourcesBuildPhase section */
		B3D88C471BDDCB1A0001357A /* Resources */ = {
			isa = PBXResourcesBuildPhase;
			buildActionMask = 2147483647;
			files = (
			);
			runOnlyForDeploymentPostprocessing = 0;
		};
		B3F466201BDDD50F004624A9 /* Resources */ = {
			isa = PBXResourcesBuildPhase;
			buildActionMask = 2147483647;
			files = (
				B3F466381BDDD550004624A9 /* cassette-1.json in Resources */,
				B3F466391BDDD550004624A9 /* test.png in Resources */,
			);
			runOnlyForDeploymentPostprocessing = 0;
		};
		B3FA96821BDDC284007870A4 /* Resources */ = {
			isa = PBXResourcesBuildPhase;
			buildActionMask = 2147483647;
			files = (
				B3FA96971BDDC515007870A4 /* cassette-1.json in Resources */,
				B3FA96981BDDC515007870A4 /* test.png in Resources */,
			);
			runOnlyForDeploymentPostprocessing = 0;
		};
/* End PBXResourcesBuildPhase section */

/* Begin PBXSourcesBuildPhase section */
		B3D88C441BDDCB1A0001357A /* Sources */ = {
			isa = PBXSourcesBuildPhase;
			buildActionMask = 2147483647;
			files = (
				B3D88C531BDDCBBB0001357A /* VCR.m in Sources */,
				B3D88C541BDDCBBB0001357A /* VCR+NSURLSessionConfiguration.m in Sources */,
				B3D88C551BDDCBBB0001357A /* VCRCassette.m in Sources */,
				B3D88C561BDDCBBB0001357A /* VCRCassetteManager.m in Sources */,
				B3D88C571BDDCBBB0001357A /* VCRError.m in Sources */,
				B3D88C581BDDCBBB0001357A /* VCROrderedMutableDictionary.m in Sources */,
				B3D88C591BDDCBBB0001357A /* VCRRecording.m in Sources */,
				B3D88C5A1BDDCBBB0001357A /* VCRRecordingURLProtocol.m in Sources */,
				B3D88C5B1BDDCBBB0001357A /* VCRReplayingURLProtocol.m in Sources */,
				B3D88C5C1BDDCBBB0001357A /* VCRRequestKey.m in Sources */,
			);
			runOnlyForDeploymentPostprocessing = 0;
		};
		B3D88C7D1BDDD09C0001357A /* Sources */ = {
			isa = PBXSourcesBuildPhase;
			buildActionMask = 2147483647;
			files = (
				B3D88C901BDDD1810001357A /* VCR.m in Sources */,
				B3D88C911BDDD1810001357A /* VCR+NSURLSessionConfiguration.m in Sources */,
				B3D88C921BDDD1810001357A /* VCRCassette.m in Sources */,
				B3D88C931BDDD1810001357A /* VCRCassetteManager.m in Sources */,
				B3D88C941BDDD1810001357A /* VCRError.m in Sources */,
				B3D88C951BDDD1810001357A /* VCROrderedMutableDictionary.m in Sources */,
				B3D88C961BDDD1810001357A /* VCRRecording.m in Sources */,
				B3D88C971BDDD1810001357A /* VCRRecordingURLProtocol.m in Sources */,
				B3D88C981BDDD1810001357A /* VCRReplayingURLProtocol.m in Sources */,
				B3D88C991BDDD1810001357A /* VCRRequestKey.m in Sources */,
			);
			runOnlyForDeploymentPostprocessing = 0;
		};
		B3F4661E1BDDD50F004624A9 /* Sources */ = {
			isa = PBXSourcesBuildPhase;
			buildActionMask = 2147483647;
			files = (
				B3F4662D1BDDD548004624A9 /* VCR_NSURLConnectionTests.m in Sources */,
				B3F4662E1BDDD548004624A9 /* VCR_NSURLSessionTests.m in Sources */,
				B3F4662F1BDDD548004624A9 /* VCRCassetteManagerTests.m in Sources */,
				B3F466301BDDD548004624A9 /* VCRCassetteTests.m in Sources */,
				B3F466311BDDD548004624A9 /* VCRRecordingTests.m in Sources */,
				B3F466321BDDD548004624A9 /* VCRRecordingURLProtocolTests.m in Sources */,
				B3F466331BDDD548004624A9 /* VCRReplayingURLProtocolTests.m in Sources */,
				B3F466341BDDD548004624A9 /* VCRRequestKeyTests.m in Sources */,
				B3F466351BDDD548004624A9 /* VCRTests.m in Sources */,
				B3F466361BDDD548004624A9 /* XCTestCase+SRTAdditions.m in Sources */,
				B3F466371BDDD548004624A9 /* XCTestCase+SRTAdditions.m in Sources */,
			);
			runOnlyForDeploymentPostprocessing = 0;
		};
		B3FA96801BDDC284007870A4 /* Sources */ = {
			isa = PBXSourcesBuildPhase;
			buildActionMask = 2147483647;
			files = (
				B3FA968C1BDDC2FF007870A4 /* VCR_NSURLConnectionTests.m in Sources */,
				B3FA968F1BDDC30A007870A4 /* VCRCassetteTests.m in Sources */,
				B3FA968E1BDDC30A007870A4 /* VCRCassetteManagerTests.m in Sources */,
				B3FA968D1BDDC30A007870A4 /* VCR_NSURLSessionTests.m in Sources */,
				B3FA96951BDDC30A007870A4 /* XCTestCase+SRTAdditions.m in Sources */,
				B3FA96931BDDC30A007870A4 /* VCRRequestKeyTests.m in Sources */,
				B3FA96941BDDC30A007870A4 /* VCRTests.m in Sources */,
				B3FA96911BDDC30A007870A4 /* VCRRecordingURLProtocolTests.m in Sources */,
				B3FA96901BDDC30A007870A4 /* VCRRecordingTests.m in Sources */,
				B3FA96921BDDC30A007870A4 /* VCRReplayingURLProtocolTests.m in Sources */,
			);
			runOnlyForDeploymentPostprocessing = 0;
		};
/* End PBXSourcesBuildPhase section */

/* Begin PBXTargetDependency section */
		B3F466291BDDD50F004624A9 /* PBXTargetDependency */ = {
			isa = PBXTargetDependency;
			target = B3D88C801BDDD09C0001357A /* libVCRURLConnection */;
			targetProxy = B3F466281BDDD50F004624A9 /* PBXContainerItemProxy */;
		};
/* End PBXTargetDependency section */

/* Begin XCBuildConfiguration section */
		B3B82853167E990F00CCEC3C /* Debug */ = {
			isa = XCBuildConfiguration;
			buildSettings = {
				ENABLE_TESTABILITY = YES;
				GCC_WARN_UNDECLARED_SELECTOR = YES;
				GCC_WARN_UNUSED_FUNCTION = YES;
				ONLY_ACTIVE_ARCH = YES;
			};
			name = Debug;
		};
		B3B82854167E990F00CCEC3C /* Release */ = {
			isa = XCBuildConfiguration;
			buildSettings = {
				GCC_WARN_UNDECLARED_SELECTOR = YES;
				GCC_WARN_UNUSED_FUNCTION = YES;
			};
			name = Release;
		};
		B3D88C4F1BDDCB1A0001357A /* Debug */ = {
			isa = XCBuildConfiguration;
			buildSettings = {
				ALWAYS_SEARCH_USER_PATHS = NO;
				CLANG_CXX_LANGUAGE_STANDARD = "gnu++0x";
				CLANG_CXX_LIBRARY = "libc++";
				CLANG_ENABLE_MODULES = YES;
				CLANG_ENABLE_OBJC_ARC = YES;
				CLANG_WARN_BOOL_CONVERSION = YES;
				CLANG_WARN_CONSTANT_CONVERSION = YES;
				CLANG_WARN_DIRECT_OBJC_ISA_USAGE = YES_ERROR;
				CLANG_WARN_EMPTY_BODY = YES;
				CLANG_WARN_ENUM_CONVERSION = YES;
				CLANG_WARN_INT_CONVERSION = YES;
				CLANG_WARN_OBJC_ROOT_CLASS = YES_ERROR;
				CLANG_WARN_UNREACHABLE_CODE = YES;
				CLANG_WARN__DUPLICATE_METHOD_MATCH = YES;
				COMBINE_HIDPI_IMAGES = YES;
				COPY_PHASE_STRIP = NO;
				CURRENT_PROJECT_VERSION = 1;
				DEBUG_INFORMATION_FORMAT = dwarf;
				DEFINES_MODULE = YES;
				DYLIB_COMPATIBILITY_VERSION = 1;
				DYLIB_CURRENT_VERSION = 1;
				DYLIB_INSTALL_NAME_BASE = "@rpath";
				ENABLE_STRICT_OBJC_MSGSEND = YES;
				FRAMEWORK_VERSION = A;
				GCC_C_LANGUAGE_STANDARD = gnu99;
				GCC_DYNAMIC_NO_PIC = NO;
				GCC_NO_COMMON_BLOCKS = YES;
				GCC_OPTIMIZATION_LEVEL = 0;
				GCC_PREPROCESSOR_DEFINITIONS = (
					"DEBUG=1",
					"$(inherited)",
				);
				GCC_WARN_64_TO_32_BIT_CONVERSION = YES;
				GCC_WARN_ABOUT_RETURN_TYPE = YES_ERROR;
				GCC_WARN_UNINITIALIZED_AUTOS = YES_AGGRESSIVE;
				GCC_WARN_UNUSED_VARIABLE = YES;
				INFOPLIST_FILE = VCRURLConnection/Info.plist;
				INSTALL_PATH = "$(LOCAL_LIBRARY_DIR)/Frameworks";
				IPHONEOS_DEPLOYMENT_TARGET = 9.0;
				LD_RUNPATH_SEARCH_PATHS = "$(inherited) @executable_path/../Frameworks @loader_path/Frameworks";
				MACOSX_DEPLOYMENT_TARGET = 10.10;
				MTL_ENABLE_DEBUG_INFO = YES;
				PRODUCT_BUNDLE_IDENTIFIER = com.dstnbrkr.VCRURLConnection;
				PRODUCT_NAME = "$(TARGET_NAME)";
				SDKROOT = macosx;
				SKIP_INSTALL = YES;
				VERSIONING_SYSTEM = "apple-generic";
				VERSION_INFO_PREFIX = "";
			};
			name = Debug;
		};
		B3D88C501BDDCB1A0001357A /* Release */ = {
			isa = XCBuildConfiguration;
			buildSettings = {
				ALWAYS_SEARCH_USER_PATHS = NO;
				CLANG_CXX_LANGUAGE_STANDARD = "gnu++0x";
				CLANG_CXX_LIBRARY = "libc++";
				CLANG_ENABLE_MODULES = YES;
				CLANG_ENABLE_OBJC_ARC = YES;
				CLANG_WARN_BOOL_CONVERSION = YES;
				CLANG_WARN_CONSTANT_CONVERSION = YES;
				CLANG_WARN_DIRECT_OBJC_ISA_USAGE = YES_ERROR;
				CLANG_WARN_EMPTY_BODY = YES;
				CLANG_WARN_ENUM_CONVERSION = YES;
				CLANG_WARN_INT_CONVERSION = YES;
				CLANG_WARN_OBJC_ROOT_CLASS = YES_ERROR;
				CLANG_WARN_UNREACHABLE_CODE = YES;
				CLANG_WARN__DUPLICATE_METHOD_MATCH = YES;
				COMBINE_HIDPI_IMAGES = YES;
				COPY_PHASE_STRIP = NO;
				CURRENT_PROJECT_VERSION = 1;
				DEBUG_INFORMATION_FORMAT = "dwarf-with-dsym";
				DEFINES_MODULE = YES;
				DYLIB_COMPATIBILITY_VERSION = 1;
				DYLIB_CURRENT_VERSION = 1;
				DYLIB_INSTALL_NAME_BASE = "@rpath";
				ENABLE_NS_ASSERTIONS = NO;
				ENABLE_STRICT_OBJC_MSGSEND = YES;
				FRAMEWORK_VERSION = A;
				GCC_C_LANGUAGE_STANDARD = gnu99;
				GCC_NO_COMMON_BLOCKS = YES;
				GCC_WARN_64_TO_32_BIT_CONVERSION = YES;
				GCC_WARN_ABOUT_RETURN_TYPE = YES_ERROR;
				GCC_WARN_UNINITIALIZED_AUTOS = YES_AGGRESSIVE;
				GCC_WARN_UNUSED_VARIABLE = YES;
				INFOPLIST_FILE = VCRURLConnection/Info.plist;
				INSTALL_PATH = "$(LOCAL_LIBRARY_DIR)/Frameworks";
				IPHONEOS_DEPLOYMENT_TARGET = 9.0;
				LD_RUNPATH_SEARCH_PATHS = "$(inherited) @executable_path/../Frameworks @loader_path/Frameworks";
				MACOSX_DEPLOYMENT_TARGET = 10.10;
				MTL_ENABLE_DEBUG_INFO = NO;
				PRODUCT_BUNDLE_IDENTIFIER = com.dstnbrkr.VCRURLConnection;
				PRODUCT_NAME = "$(TARGET_NAME)";
				SDKROOT = macosx;
				SKIP_INSTALL = YES;
				VERSIONING_SYSTEM = "apple-generic";
				VERSION_INFO_PREFIX = "";
			};
			name = Release;
		};
		B3D88C881BDDD09C0001357A /* Debug */ = {
			isa = XCBuildConfiguration;
			buildSettings = {
				ALWAYS_SEARCH_USER_PATHS = NO;
				CLANG_CXX_LANGUAGE_STANDARD = "gnu++0x";
				CLANG_CXX_LIBRARY = "libc++";
				CLANG_ENABLE_MODULES = YES;
				CLANG_ENABLE_OBJC_ARC = YES;
				CLANG_WARN_BOOL_CONVERSION = YES;
				CLANG_WARN_CONSTANT_CONVERSION = YES;
				CLANG_WARN_DIRECT_OBJC_ISA_USAGE = YES_ERROR;
				CLANG_WARN_EMPTY_BODY = YES;
				CLANG_WARN_ENUM_CONVERSION = YES;
				CLANG_WARN_INT_CONVERSION = YES;
				CLANG_WARN_OBJC_ROOT_CLASS = YES_ERROR;
				CLANG_WARN_UNREACHABLE_CODE = YES;
				CLANG_WARN__DUPLICATE_METHOD_MATCH = YES;
				COPY_PHASE_STRIP = NO;
				DEBUG_INFORMATION_FORMAT = dwarf;
				ENABLE_STRICT_OBJC_MSGSEND = YES;
				GCC_C_LANGUAGE_STANDARD = gnu99;
				GCC_DYNAMIC_NO_PIC = NO;
				GCC_NO_COMMON_BLOCKS = YES;
				GCC_OPTIMIZATION_LEVEL = 0;
				GCC_PREPROCESSOR_DEFINITIONS = (
					"DEBUG=1",
					"$(inherited)",
				);
				GCC_WARN_64_TO_32_BIT_CONVERSION = YES;
				GCC_WARN_ABOUT_RETURN_TYPE = YES_ERROR;
				GCC_WARN_UNINITIALIZED_AUTOS = YES_AGGRESSIVE;
				GCC_WARN_UNUSED_VARIABLE = YES;
				IPHONEOS_DEPLOYMENT_TARGET = 9.0;
				MTL_ENABLE_DEBUG_INFO = YES;
				OTHER_LDFLAGS = "-ObjC";
				PRODUCT_NAME = VCRURLConnection;
				SDKROOT = iphoneos;
				SKIP_INSTALL = YES;
			};
			name = Debug;
		};
		B3D88C891BDDD09C0001357A /* Release */ = {
			isa = XCBuildConfiguration;
			buildSettings = {
				ALWAYS_SEARCH_USER_PATHS = NO;
				CLANG_CXX_LANGUAGE_STANDARD = "gnu++0x";
				CLANG_CXX_LIBRARY = "libc++";
				CLANG_ENABLE_MODULES = YES;
				CLANG_ENABLE_OBJC_ARC = YES;
				CLANG_WARN_BOOL_CONVERSION = YES;
				CLANG_WARN_CONSTANT_CONVERSION = YES;
				CLANG_WARN_DIRECT_OBJC_ISA_USAGE = YES_ERROR;
				CLANG_WARN_EMPTY_BODY = YES;
				CLANG_WARN_ENUM_CONVERSION = YES;
				CLANG_WARN_INT_CONVERSION = YES;
				CLANG_WARN_OBJC_ROOT_CLASS = YES_ERROR;
				CLANG_WARN_UNREACHABLE_CODE = YES;
				CLANG_WARN__DUPLICATE_METHOD_MATCH = YES;
				COPY_PHASE_STRIP = NO;
				DEBUG_INFORMATION_FORMAT = "dwarf-with-dsym";
				ENABLE_NS_ASSERTIONS = NO;
				ENABLE_STRICT_OBJC_MSGSEND = YES;
				GCC_C_LANGUAGE_STANDARD = gnu99;
				GCC_NO_COMMON_BLOCKS = YES;
				GCC_WARN_64_TO_32_BIT_CONVERSION = YES;
				GCC_WARN_ABOUT_RETURN_TYPE = YES_ERROR;
				GCC_WARN_UNINITIALIZED_AUTOS = YES_AGGRESSIVE;
				GCC_WARN_UNUSED_VARIABLE = YES;
				IPHONEOS_DEPLOYMENT_TARGET = 9.0;
				MTL_ENABLE_DEBUG_INFO = NO;
				OTHER_LDFLAGS = "-ObjC";
				PRODUCT_NAME = VCRURLConnection;
				SDKROOT = iphoneos;
				SKIP_INSTALL = YES;
				VALIDATE_PRODUCT = YES;
			};
			name = Release;
		};
		B3F4662B1BDDD50F004624A9 /* Debug */ = {
			isa = XCBuildConfiguration;
			buildSettings = {
				ALWAYS_SEARCH_USER_PATHS = NO;
				CLANG_CXX_LANGUAGE_STANDARD = "gnu++0x";
				CLANG_CXX_LIBRARY = "libc++";
				CLANG_ENABLE_MODULES = YES;
				CLANG_ENABLE_OBJC_ARC = YES;
				CLANG_WARN_BOOL_CONVERSION = YES;
				CLANG_WARN_CONSTANT_CONVERSION = YES;
				CLANG_WARN_DIRECT_OBJC_ISA_USAGE = YES_ERROR;
				CLANG_WARN_EMPTY_BODY = YES;
				CLANG_WARN_ENUM_CONVERSION = YES;
				CLANG_WARN_INT_CONVERSION = YES;
				CLANG_WARN_OBJC_ROOT_CLASS = YES_ERROR;
				CLANG_WARN_UNREACHABLE_CODE = YES;
				CLANG_WARN__DUPLICATE_METHOD_MATCH = YES;
				COPY_PHASE_STRIP = NO;
				DEBUG_INFORMATION_FORMAT = dwarf;
				ENABLE_STRICT_OBJC_MSGSEND = YES;
				GCC_C_LANGUAGE_STANDARD = gnu99;
				GCC_DYNAMIC_NO_PIC = NO;
				GCC_NO_COMMON_BLOCKS = YES;
				GCC_OPTIMIZATION_LEVEL = 0;
				GCC_PREPROCESSOR_DEFINITIONS = (
					"DEBUG=1",
					"$(inherited)",
				);
				GCC_WARN_64_TO_32_BIT_CONVERSION = YES;
				GCC_WARN_ABOUT_RETURN_TYPE = YES_ERROR;
				GCC_WARN_UNINITIALIZED_AUTOS = YES_AGGRESSIVE;
				GCC_WARN_UNUSED_VARIABLE = YES;
				INFOPLIST_FILE = VCRURLConnectionTests/Info.plist;
				IPHONEOS_DEPLOYMENT_TARGET = 8.1;
				LD_RUNPATH_SEARCH_PATHS = "$(inherited) @executable_path/Frameworks @loader_path/Frameworks";
				MTL_ENABLE_DEBUG_INFO = YES;
				PRODUCT_BUNDLE_IDENTIFIER = com.dstnbrkr.VCRURLConnectionTests;
				PRODUCT_NAME = "$(TARGET_NAME)";
				SDKROOT = iphoneos;
			};
			name = Debug;
		};
		B3F4662C1BDDD50F004624A9 /* Release */ = {
			isa = XCBuildConfiguration;
			buildSettings = {
				ALWAYS_SEARCH_USER_PATHS = NO;
				CLANG_CXX_LANGUAGE_STANDARD = "gnu++0x";
				CLANG_CXX_LIBRARY = "libc++";
				CLANG_ENABLE_MODULES = YES;
				CLANG_ENABLE_OBJC_ARC = YES;
				CLANG_WARN_BOOL_CONVERSION = YES;
				CLANG_WARN_CONSTANT_CONVERSION = YES;
				CLANG_WARN_DIRECT_OBJC_ISA_USAGE = YES_ERROR;
				CLANG_WARN_EMPTY_BODY = YES;
				CLANG_WARN_ENUM_CONVERSION = YES;
				CLANG_WARN_INT_CONVERSION = YES;
				CLANG_WARN_OBJC_ROOT_CLASS = YES_ERROR;
				CLANG_WARN_UNREACHABLE_CODE = YES;
				CLANG_WARN__DUPLICATE_METHOD_MATCH = YES;
				COPY_PHASE_STRIP = NO;
				DEBUG_INFORMATION_FORMAT = "dwarf-with-dsym";
				ENABLE_NS_ASSERTIONS = NO;
				ENABLE_STRICT_OBJC_MSGSEND = YES;
				GCC_C_LANGUAGE_STANDARD = gnu99;
				GCC_NO_COMMON_BLOCKS = YES;
				GCC_WARN_64_TO_32_BIT_CONVERSION = YES;
				GCC_WARN_ABOUT_RETURN_TYPE = YES_ERROR;
				GCC_WARN_UNINITIALIZED_AUTOS = YES_AGGRESSIVE;
				GCC_WARN_UNUSED_VARIABLE = YES;
				INFOPLIST_FILE = VCRURLConnectionTests/Info.plist;
				IPHONEOS_DEPLOYMENT_TARGET = 8.1;
				LD_RUNPATH_SEARCH_PATHS = "$(inherited) @executable_path/Frameworks @loader_path/Frameworks";
				MTL_ENABLE_DEBUG_INFO = NO;
				PRODUCT_BUNDLE_IDENTIFIER = com.dstnbrkr.VCRURLConnectionTests;
				PRODUCT_NAME = "$(TARGET_NAME)";
				SDKROOT = iphoneos;
				VALIDATE_PRODUCT = YES;
			};
			name = Release;
		};
		B3FA96891BDDC284007870A4 /* Debug */ = {
			isa = XCBuildConfiguration;
			buildSettings = {
				ALWAYS_SEARCH_USER_PATHS = NO;
				CLANG_CXX_LANGUAGE_STANDARD = "gnu++0x";
				CLANG_CXX_LIBRARY = "libc++";
				CLANG_ENABLE_MODULES = YES;
				CLANG_ENABLE_OBJC_ARC = YES;
				CLANG_WARN_BOOL_CONVERSION = YES;
				CLANG_WARN_CONSTANT_CONVERSION = YES;
				CLANG_WARN_DIRECT_OBJC_ISA_USAGE = YES_ERROR;
				CLANG_WARN_EMPTY_BODY = YES;
				CLANG_WARN_ENUM_CONVERSION = YES;
				CLANG_WARN_INT_CONVERSION = YES;
				CLANG_WARN_OBJC_ROOT_CLASS = YES_ERROR;
				CLANG_WARN_UNREACHABLE_CODE = YES;
				CLANG_WARN__DUPLICATE_METHOD_MATCH = YES;
				COMBINE_HIDPI_IMAGES = YES;
				COPY_PHASE_STRIP = NO;
				DEBUG_INFORMATION_FORMAT = dwarf;
				ENABLE_STRICT_OBJC_MSGSEND = YES;
				GCC_C_LANGUAGE_STANDARD = gnu99;
				GCC_DYNAMIC_NO_PIC = NO;
				GCC_NO_COMMON_BLOCKS = YES;
				GCC_OPTIMIZATION_LEVEL = 0;
				GCC_PREPROCESSOR_DEFINITIONS = (
					"DEBUG=1",
					"$(inherited)",
				);
				GCC_WARN_64_TO_32_BIT_CONVERSION = YES;
				GCC_WARN_ABOUT_RETURN_TYPE = YES_ERROR;
				GCC_WARN_UNINITIALIZED_AUTOS = YES_AGGRESSIVE;
				GCC_WARN_UNUSED_VARIABLE = YES;
				INFOPLIST_FILE = VCRURLConnectionTestsOSX/Info.plist;
				LD_RUNPATH_SEARCH_PATHS = "$(inherited) @executable_path/../Frameworks @loader_path/../Frameworks";
				MACOSX_DEPLOYMENT_TARGET = 10.10;
				MTL_ENABLE_DEBUG_INFO = YES;
				PRODUCT_BUNDLE_IDENTIFIER = com.dstnbrkr.VCRURLConnectionTestsOSX;
				PRODUCT_NAME = "$(TARGET_NAME)";
				SDKROOT = macosx;
			};
			name = Debug;
		};
		B3FA968A1BDDC284007870A4 /* Release */ = {
			isa = XCBuildConfiguration;
			buildSettings = {
				ALWAYS_SEARCH_USER_PATHS = NO;
				CLANG_CXX_LANGUAGE_STANDARD = "gnu++0x";
				CLANG_CXX_LIBRARY = "libc++";
				CLANG_ENABLE_MODULES = YES;
				CLANG_ENABLE_OBJC_ARC = YES;
				CLANG_WARN_BOOL_CONVERSION = YES;
				CLANG_WARN_CONSTANT_CONVERSION = YES;
				CLANG_WARN_DIRECT_OBJC_ISA_USAGE = YES_ERROR;
				CLANG_WARN_EMPTY_BODY = YES;
				CLANG_WARN_ENUM_CONVERSION = YES;
				CLANG_WARN_INT_CONVERSION = YES;
				CLANG_WARN_OBJC_ROOT_CLASS = YES_ERROR;
				CLANG_WARN_UNREACHABLE_CODE = YES;
				CLANG_WARN__DUPLICATE_METHOD_MATCH = YES;
				COMBINE_HIDPI_IMAGES = YES;
				COPY_PHASE_STRIP = NO;
				DEBUG_INFORMATION_FORMAT = "dwarf-with-dsym";
				ENABLE_NS_ASSERTIONS = NO;
				ENABLE_STRICT_OBJC_MSGSEND = YES;
				GCC_C_LANGUAGE_STANDARD = gnu99;
				GCC_NO_COMMON_BLOCKS = YES;
				GCC_WARN_64_TO_32_BIT_CONVERSION = YES;
				GCC_WARN_ABOUT_RETURN_TYPE = YES_ERROR;
				GCC_WARN_UNINITIALIZED_AUTOS = YES_AGGRESSIVE;
				GCC_WARN_UNUSED_VARIABLE = YES;
				INFOPLIST_FILE = VCRURLConnectionTestsOSX/Info.plist;
				LD_RUNPATH_SEARCH_PATHS = "$(inherited) @executable_path/../Frameworks @loader_path/../Frameworks";
				MACOSX_DEPLOYMENT_TARGET = 10.10;
				MTL_ENABLE_DEBUG_INFO = NO;
				PRODUCT_BUNDLE_IDENTIFIER = com.dstnbrkr.VCRURLConnectionTestsOSX;
				PRODUCT_NAME = "$(TARGET_NAME)";
				SDKROOT = macosx;
			};
			name = Release;
		};
/* End XCBuildConfiguration section */

/* Begin XCConfigurationList section */
		B3B82851167E990F00CCEC3C /* Build configuration list for PBXProject "VCRURLConnection" */ = {
			isa = XCConfigurationList;
			buildConfigurations = (
				B3B82853167E990F00CCEC3C /* Debug */,
				B3B82854167E990F00CCEC3C /* Release */,
			);
			defaultConfigurationIsVisible = 0;
			defaultConfigurationName = Release;
		};
		B3D88C4E1BDDCB1A0001357A /* Build configuration list for PBXNativeTarget "VCRURLConnection" */ = {
			isa = XCConfigurationList;
			buildConfigurations = (
				B3D88C4F1BDDCB1A0001357A /* Debug */,
				B3D88C501BDDCB1A0001357A /* Release */,
			);
			defaultConfigurationIsVisible = 0;
			defaultConfigurationName = Release;
		};
		B3D88C871BDDD09C0001357A /* Build configuration list for PBXNativeTarget "libVCRURLConnection" */ = {
			isa = XCConfigurationList;
			buildConfigurations = (
				B3D88C881BDDD09C0001357A /* Debug */,
				B3D88C891BDDD09C0001357A /* Release */,
			);
			defaultConfigurationIsVisible = 0;
			defaultConfigurationName = Release;
		};
		B3F4662A1BDDD50F004624A9 /* Build configuration list for PBXNativeTarget "VCRURLConnectionTests" */ = {
			isa = XCConfigurationList;
			buildConfigurations = (
				B3F4662B1BDDD50F004624A9 /* Debug */,
				B3F4662C1BDDD50F004624A9 /* Release */,
			);
			defaultConfigurationIsVisible = 0;
		};
		B3FA968B1BDDC284007870A4 /* Build configuration list for PBXNativeTarget "VCRURLConnectionTestsOSX" */ = {
			isa = XCConfigurationList;
			buildConfigurations = (
				B3FA96891BDDC284007870A4 /* Debug */,
				B3FA968A1BDDC284007870A4 /* Release */,
			);
			defaultConfigurationIsVisible = 0;
			defaultConfigurationName = Release;
		};
/* End XCConfigurationList section */
	};
	rootObject = B3B8284E167E990F00CCEC3C /* Project object */;
}
