// !$*UTF8*$!
{
	archiveVersion = 1;
	classes = {
	};
	objectVersion = 46;
	objects = {

/* Begin PBXBuildFile section */
		A7E99EF540BC4D76B6763024 /* libPods.a in Frameworks */ = {isa = PBXBuildFile; fileRef = 10F0C61C1B1E4F4EAB51A1F4 /* libPods.a */; };
		B3475B3C167E9DE60044511D /* NSURLConnection+VCR.m in Sources */ = {isa = PBXBuildFile; fileRef = B3B82895167E9B6800CCEC3C /* NSURLConnection+VCR.m */; };
		B3475B3D167E9DE60044511D /* VCR.m in Sources */ = {isa = PBXBuildFile; fileRef = B3B82897167E9B6800CCEC3C /* VCR.m */; };
		B3475B3E167E9DE60044511D /* VCRCassette.m in Sources */ = {isa = PBXBuildFile; fileRef = B3B8289A167E9B6800CCEC3C /* VCRCassette.m */; };
		B3475B3F167E9DE60044511D /* VCRCassetteManager.m in Sources */ = {isa = PBXBuildFile; fileRef = B3B8289C167E9B6800CCEC3C /* VCRCassetteManager.m */; };
		B3475B40167E9DE60044511D /* VCRConnectionDelegate.m in Sources */ = {isa = PBXBuildFile; fileRef = B3B8289E167E9B6800CCEC3C /* VCRConnectionDelegate.m */; };
		B3475B41167E9DE60044511D /* VCRRequestKey.m in Sources */ = {isa = PBXBuildFile; fileRef = B3B828A0167E9B6800CCEC3C /* VCRRequestKey.m */; };
		B3475B44167E9DF10044511D /* VCRCassetteManagerTests.m in Sources */ = {isa = PBXBuildFile; fileRef = B3B82881167E9B2B00CCEC3C /* VCRCassetteManagerTests.m */; };
		B3475B45167E9DF10044511D /* VCRCassetteTests.m in Sources */ = {isa = PBXBuildFile; fileRef = B3B82883167E9B2B00CCEC3C /* VCRCassetteTests.m */; };
		B3475B46167E9DF10044511D /* VCRRequestKeyTests.m in Sources */ = {isa = PBXBuildFile; fileRef = B3B82885167E9B2B00CCEC3C /* VCRRequestKeyTests.m */; };
		B3475B48167E9DF10044511D /* VCRTests.m in Sources */ = {isa = PBXBuildFile; fileRef = B3B82889167E9B2B00CCEC3C /* VCRTests.m */; };
		B3475B49167E9DF10044511D /* VCRURLConnectionTests.m in Sources */ = {isa = PBXBuildFile; fileRef = B3B8288B167E9B2B00CCEC3C /* VCRURLConnectionTests.m */; };
		B3475B4A167E9DF10044511D /* cassette-1.json in Resources */ = {isa = PBXBuildFile; fileRef = B3B8287D167E9B2B00CCEC3C /* cassette-1.json */; };
		B3475B5E167EA0680044511D /* InfoPlist.strings in Resources */ = {isa = PBXBuildFile; fileRef = B3475B5C167EA0680044511D /* InfoPlist.strings */; };
		B3475B60167EA0680044511D /* main.m in Sources */ = {isa = PBXBuildFile; fileRef = B3475B5F167EA0680044511D /* main.m */; };
		B3475B72167EA0C30044511D /* VCRAppDelegate.m in Sources */ = {isa = PBXBuildFile; fileRef = B3475B69167EA0C30044511D /* VCRAppDelegate.m */; };
		B3475B73167EA0C30044511D /* VCRCassetteViewController.m in Sources */ = {isa = PBXBuildFile; fileRef = B3475B6B167EA0C30044511D /* VCRCassetteViewController.m */; };
		B3475B74167EA0C30044511D /* VCRCassetteViewController.xib in Resources */ = {isa = PBXBuildFile; fileRef = B3475B6C167EA0C30044511D /* VCRCassetteViewController.xib */; };
		B3475B75167EA0C30044511D /* VCRRecordingViewController.m in Sources */ = {isa = PBXBuildFile; fileRef = B3475B6E167EA0C30044511D /* VCRRecordingViewController.m */; };
		B3475B76167EA0C30044511D /* VCRRecordingViewController.xib in Resources */ = {isa = PBXBuildFile; fileRef = B3475B6F167EA0C30044511D /* VCRRecordingViewController.xib */; };
		B3475B77167EA0C30044511D /* VCRViewController.m in Sources */ = {isa = PBXBuildFile; fileRef = B3475B71167EA0C30044511D /* VCRViewController.m */; };
		B3475B78167EA1080044511D /* NSURLConnection+VCR.m in Sources */ = {isa = PBXBuildFile; fileRef = B3B82895167E9B6800CCEC3C /* NSURLConnection+VCR.m */; };
		B3475B79167EA1080044511D /* VCR.m in Sources */ = {isa = PBXBuildFile; fileRef = B3B82897167E9B6800CCEC3C /* VCR.m */; };
		B3475B7A167EA1080044511D /* VCRCassette.m in Sources */ = {isa = PBXBuildFile; fileRef = B3B8289A167E9B6800CCEC3C /* VCRCassette.m */; };
		B3475B7B167EA1080044511D /* VCRCassetteManager.m in Sources */ = {isa = PBXBuildFile; fileRef = B3B8289C167E9B6800CCEC3C /* VCRCassetteManager.m */; };
		B3475B7C167EA1080044511D /* VCRConnectionDelegate.m in Sources */ = {isa = PBXBuildFile; fileRef = B3B8289E167E9B6800CCEC3C /* VCRConnectionDelegate.m */; };
		B3475B7D167EA1080044511D /* VCRRequestKey.m in Sources */ = {isa = PBXBuildFile; fileRef = B3B828A0167E9B6800CCEC3C /* VCRRequestKey.m */; };
		B3475B80167EA1400044511D /* cassette.json in Resources */ = {isa = PBXBuildFile; fileRef = B3475B7F167EA1400044511D /* cassette.json */; };
		B3475B82167EA1CF0044511D /* VCRViewController.xib in Resources */ = {isa = PBXBuildFile; fileRef = B3475B81167EA1CF0044511D /* VCRViewController.xib */; };
		B3475B88167EA2960044511D /* Default-568h@2x.png in Resources */ = {isa = PBXBuildFile; fileRef = B3475B85167EA2960044511D /* Default-568h@2x.png */; };
		B3475B89167EA2960044511D /* Default.png in Resources */ = {isa = PBXBuildFile; fileRef = B3475B86167EA2960044511D /* Default.png */; };
		B3475B8A167EA2960044511D /* Default@2x.png in Resources */ = {isa = PBXBuildFile; fileRef = B3475B87167EA2960044511D /* Default@2x.png */; };
		B3475B8C167EA37B0044511D /* UIKit.framework in Frameworks */ = {isa = PBXBuildFile; fileRef = B3475B8B167EA37B0044511D /* UIKit.framework */; };
		B3475B8E167EBF8F0044511D /* test.png in Resources */ = {isa = PBXBuildFile; fileRef = B3475B8D167EBF8F0044511D /* test.png */; };
		B3475B8F167EBF8F0044511D /* test.png in Resources */ = {isa = PBXBuildFile; fileRef = B3475B8D167EBF8F0044511D /* test.png */; };
		B3475BAF167EFFA80044511D /* VCRRecording.m in Sources */ = {isa = PBXBuildFile; fileRef = B3475BAE167EFFA80044511D /* VCRRecording.m */; };
		B3475BB0167EFFA80044511D /* VCRRecording.m in Sources */ = {isa = PBXBuildFile; fileRef = B3475BAE167EFFA80044511D /* VCRRecording.m */; };
		B3475BB1167EFFA80044511D /* VCRRecording.m in Sources */ = {isa = PBXBuildFile; fileRef = B3475BAE167EFFA80044511D /* VCRRecording.m */; };
		B3475BB9167F12620044511D /* VCRRecordingTests.m in Sources */ = {isa = PBXBuildFile; fileRef = B3475BB8167F12620044511D /* VCRRecordingTests.m */; };
		B3475BBA167F12620044511D /* VCRRecordingTests.m in Sources */ = {isa = PBXBuildFile; fileRef = B3475BB8167F12620044511D /* VCRRecordingTests.m */; };
		B3B82868167E9A6500CCEC3C /* SenTestingKit.framework in Frameworks */ = {isa = PBXBuildFile; fileRef = B3B82867167E9A6500CCEC3C /* SenTestingKit.framework */; };
		B3B8288C167E9B2B00CCEC3C /* cassette-1.json in Resources */ = {isa = PBXBuildFile; fileRef = B3B8287D167E9B2B00CCEC3C /* cassette-1.json */; };
		B3B8288E167E9B2B00CCEC3C /* VCRCassetteManagerTests.m in Sources */ = {isa = PBXBuildFile; fileRef = B3B82881167E9B2B00CCEC3C /* VCRCassetteManagerTests.m */; };
		B3B8288F167E9B2B00CCEC3C /* VCRCassetteTests.m in Sources */ = {isa = PBXBuildFile; fileRef = B3B82883167E9B2B00CCEC3C /* VCRCassetteTests.m */; };
		B3B82890167E9B2B00CCEC3C /* VCRRequestKeyTests.m in Sources */ = {isa = PBXBuildFile; fileRef = B3B82885167E9B2B00CCEC3C /* VCRRequestKeyTests.m */; };
		B3B82892167E9B2B00CCEC3C /* VCRTests.m in Sources */ = {isa = PBXBuildFile; fileRef = B3B82889167E9B2B00CCEC3C /* VCRTests.m */; };
		B3B82893167E9B2B00CCEC3C /* VCRURLConnectionTests.m in Sources */ = {isa = PBXBuildFile; fileRef = B3B8288B167E9B2B00CCEC3C /* VCRURLConnectionTests.m */; };
		B3B828A3167E9B6800CCEC3C /* NSURLConnection+VCR.m in Sources */ = {isa = PBXBuildFile; fileRef = B3B82895167E9B6800CCEC3C /* NSURLConnection+VCR.m */; };
		B3B828A4167E9B6800CCEC3C /* VCR.m in Sources */ = {isa = PBXBuildFile; fileRef = B3B82897167E9B6800CCEC3C /* VCR.m */; };
		B3B828A5167E9B6800CCEC3C /* VCRCassette.m in Sources */ = {isa = PBXBuildFile; fileRef = B3B8289A167E9B6800CCEC3C /* VCRCassette.m */; };
		B3B828A6167E9B6800CCEC3C /* VCRCassetteManager.m in Sources */ = {isa = PBXBuildFile; fileRef = B3B8289C167E9B6800CCEC3C /* VCRCassetteManager.m */; };
		B3B828A7167E9B6800CCEC3C /* VCRConnectionDelegate.m in Sources */ = {isa = PBXBuildFile; fileRef = B3B8289E167E9B6800CCEC3C /* VCRConnectionDelegate.m */; };
		B3B828A8167E9B6800CCEC3C /* VCRRequestKey.m in Sources */ = {isa = PBXBuildFile; fileRef = B3B828A0167E9B6800CCEC3C /* VCRRequestKey.m */; };
		B3B828B3167E9D8500CCEC3C /* SenTestingKit.framework in Frameworks */ = {isa = PBXBuildFile; fileRef = B3B82867167E9A6500CCEC3C /* SenTestingKit.framework */; };
		B3BB2513167F23EC00C5E3C6 /* SenTestCase+SRTAdditions.m in Sources */ = {isa = PBXBuildFile; fileRef = B3BB2512167F23EC00C5E3C6 /* SenTestCase+SRTAdditions.m */; };
		B3BB2514167F23EC00C5E3C6 /* SenTestCase+SRTAdditions.m in Sources */ = {isa = PBXBuildFile; fileRef = B3BB2512167F23EC00C5E3C6 /* SenTestCase+SRTAdditions.m */; };
		C393569B17B5DA460025DC53 /* VCROrderedMutableDictionary.m in Sources */ = {isa = PBXBuildFile; fileRef = C393569A17B5DA460025DC53 /* VCROrderedMutableDictionary.m */; };
		C393569C17B5DA4F0025DC53 /* VCROrderedMutableDictionary.m in Sources */ = {isa = PBXBuildFile; fileRef = C393569A17B5DA460025DC53 /* VCROrderedMutableDictionary.m */; };
		C393569D17B5DA4F0025DC53 /* VCROrderedMutableDictionary.m in Sources */ = {isa = PBXBuildFile; fileRef = C393569A17B5DA460025DC53 /* VCROrderedMutableDictionary.m */; };
/* End PBXBuildFile section */

/* Begin PBXFileReference section */
		10F0C61C1B1E4F4EAB51A1F4 /* libPods.a */ = {isa = PBXFileReference; explicitFileType = archive.ar; includeInIndex = 0; path = libPods.a; sourceTree = BUILT_PRODUCTS_DIR; };
		B3475B53167EA0680044511D /* Example-iOS.app */ = {isa = PBXFileReference; explicitFileType = wrapper.application; includeInIndex = 0; path = "Example-iOS.app"; sourceTree = BUILT_PRODUCTS_DIR; };
		B3475B5B167EA0680044511D /* Example-iOS-Info.plist */ = {isa = PBXFileReference; lastKnownFileType = text.plist.xml; path = "Example-iOS-Info.plist"; sourceTree = "<group>"; };
		B3475B5D167EA0680044511D /* en */ = {isa = PBXFileReference; lastKnownFileType = text.plist.strings; name = en; path = en.lproj/InfoPlist.strings; sourceTree = "<group>"; };
		B3475B5F167EA0680044511D /* main.m */ = {isa = PBXFileReference; lastKnownFileType = sourcecode.c.objc; path = main.m; sourceTree = "<group>"; };
		B3475B61167EA0680044511D /* Example-iOS-Prefix.pch */ = {isa = PBXFileReference; lastKnownFileType = sourcecode.c.h; path = "Example-iOS-Prefix.pch"; sourceTree = "<group>"; };
		B3475B68167EA0C30044511D /* VCRAppDelegate.h */ = {isa = PBXFileReference; fileEncoding = 4; lastKnownFileType = sourcecode.c.h; path = VCRAppDelegate.h; sourceTree = "<group>"; };
		B3475B69167EA0C30044511D /* VCRAppDelegate.m */ = {isa = PBXFileReference; fileEncoding = 4; lastKnownFileType = sourcecode.c.objc; path = VCRAppDelegate.m; sourceTree = "<group>"; };
		B3475B6A167EA0C30044511D /* VCRCassetteViewController.h */ = {isa = PBXFileReference; fileEncoding = 4; lastKnownFileType = sourcecode.c.h; path = VCRCassetteViewController.h; sourceTree = "<group>"; };
		B3475B6B167EA0C30044511D /* VCRCassetteViewController.m */ = {isa = PBXFileReference; fileEncoding = 4; lastKnownFileType = sourcecode.c.objc; path = VCRCassetteViewController.m; sourceTree = "<group>"; };
		B3475B6C167EA0C30044511D /* VCRCassetteViewController.xib */ = {isa = PBXFileReference; fileEncoding = 4; lastKnownFileType = file.xib; path = VCRCassetteViewController.xib; sourceTree = "<group>"; };
		B3475B6D167EA0C30044511D /* VCRRecordingViewController.h */ = {isa = PBXFileReference; fileEncoding = 4; lastKnownFileType = sourcecode.c.h; path = VCRRecordingViewController.h; sourceTree = "<group>"; };
		B3475B6E167EA0C30044511D /* VCRRecordingViewController.m */ = {isa = PBXFileReference; fileEncoding = 4; lastKnownFileType = sourcecode.c.objc; path = VCRRecordingViewController.m; sourceTree = "<group>"; };
		B3475B6F167EA0C30044511D /* VCRRecordingViewController.xib */ = {isa = PBXFileReference; fileEncoding = 4; lastKnownFileType = file.xib; path = VCRRecordingViewController.xib; sourceTree = "<group>"; };
		B3475B70167EA0C30044511D /* VCRViewController.h */ = {isa = PBXFileReference; fileEncoding = 4; lastKnownFileType = sourcecode.c.h; path = VCRViewController.h; sourceTree = "<group>"; };
		B3475B71167EA0C30044511D /* VCRViewController.m */ = {isa = PBXFileReference; fileEncoding = 4; lastKnownFileType = sourcecode.c.objc; path = VCRViewController.m; sourceTree = "<group>"; };
		B3475B7F167EA1400044511D /* cassette.json */ = {isa = PBXFileReference; fileEncoding = 4; lastKnownFileType = text.json; path = cassette.json; sourceTree = "<group>"; };
		B3475B81167EA1CF0044511D /* VCRViewController.xib */ = {isa = PBXFileReference; fileEncoding = 4; lastKnownFileType = file.xib; path = VCRViewController.xib; sourceTree = "<group>"; };
		B3475B85167EA2960044511D /* Default-568h@2x.png */ = {isa = PBXFileReference; lastKnownFileType = image.png; path = "Default-568h@2x.png"; sourceTree = "<group>"; };
		B3475B86167EA2960044511D /* Default.png */ = {isa = PBXFileReference; lastKnownFileType = image.png; path = Default.png; sourceTree = "<group>"; };
		B3475B87167EA2960044511D /* Default@2x.png */ = {isa = PBXFileReference; lastKnownFileType = image.png; path = "Default@2x.png"; sourceTree = "<group>"; };
		B3475B8B167EA37B0044511D /* UIKit.framework */ = {isa = PBXFileReference; lastKnownFileType = wrapper.framework; name = UIKit.framework; path = Platforms/iPhoneOS.platform/Developer/SDKs/iPhoneOS6.0.sdk/System/Library/Frameworks/UIKit.framework; sourceTree = DEVELOPER_DIR; };
		B3475B8D167EBF8F0044511D /* test.png */ = {isa = PBXFileReference; lastKnownFileType = image.png; name = test.png; path = Tests/test.png; sourceTree = "<group>"; };
		B3475BAD167EFFA70044511D /* VCRRecording.h */ = {isa = PBXFileReference; fileEncoding = 4; lastKnownFileType = sourcecode.c.h; name = VCRRecording.h; path = VCRURLConnection/VCRRecording.h; sourceTree = "<group>"; };
		B3475BAE167EFFA80044511D /* VCRRecording.m */ = {isa = PBXFileReference; fileEncoding = 4; lastKnownFileType = sourcecode.c.objc; name = VCRRecording.m; path = VCRURLConnection/VCRRecording.m; sourceTree = "<group>"; };
		B3475BB7167F12620044511D /* VCRRecordingTests.h */ = {isa = PBXFileReference; fileEncoding = 4; lastKnownFileType = sourcecode.c.h; name = VCRRecordingTests.h; path = Tests/VCRRecordingTests.h; sourceTree = "<group>"; };
		B3475BB8167F12620044511D /* VCRRecordingTests.m */ = {isa = PBXFileReference; fileEncoding = 4; lastKnownFileType = sourcecode.c.objc; name = VCRRecordingTests.m; path = Tests/VCRRecordingTests.m; sourceTree = "<group>"; };
		B3B82864167E9A6500CCEC3C /* Tests-OSX.octest */ = {isa = PBXFileReference; explicitFileType = wrapper.cfbundle; includeInIndex = 0; path = "Tests-OSX.octest"; sourceTree = BUILT_PRODUCTS_DIR; };
		B3B82867167E9A6500CCEC3C /* SenTestingKit.framework */ = {isa = PBXFileReference; lastKnownFileType = wrapper.framework; name = SenTestingKit.framework; path = Library/Frameworks/SenTestingKit.framework; sourceTree = DEVELOPER_DIR; };
		B3B8286C167E9A6500CCEC3C /* AppKit.framework */ = {isa = PBXFileReference; lastKnownFileType = wrapper.framework; name = AppKit.framework; path = Library/Frameworks/AppKit.framework; sourceTree = SDKROOT; };
		B3B8286D167E9A6500CCEC3C /* CoreData.framework */ = {isa = PBXFileReference; lastKnownFileType = wrapper.framework; name = CoreData.framework; path = Library/Frameworks/CoreData.framework; sourceTree = SDKROOT; };
		B3B8286E167E9A6500CCEC3C /* Foundation.framework */ = {isa = PBXFileReference; lastKnownFileType = wrapper.framework; name = Foundation.framework; path = Library/Frameworks/Foundation.framework; sourceTree = SDKROOT; };
		B3B82871167E9A6500CCEC3C /* Tests-OSX-Info.plist */ = {isa = PBXFileReference; lastKnownFileType = text.plist.xml; path = "Tests-OSX-Info.plist"; sourceTree = "<group>"; };
		B3B8287D167E9B2B00CCEC3C /* cassette-1.json */ = {isa = PBXFileReference; fileEncoding = 4; lastKnownFileType = text.json; name = "cassette-1.json"; path = "Tests/cassette-1.json"; sourceTree = "<group>"; };
		B3B82880167E9B2B00CCEC3C /* VCRCassetteManagerTests.h */ = {isa = PBXFileReference; fileEncoding = 4; lastKnownFileType = sourcecode.c.h; name = VCRCassetteManagerTests.h; path = Tests/VCRCassetteManagerTests.h; sourceTree = "<group>"; };
		B3B82881167E9B2B00CCEC3C /* VCRCassetteManagerTests.m */ = {isa = PBXFileReference; fileEncoding = 4; lastKnownFileType = sourcecode.c.objc; name = VCRCassetteManagerTests.m; path = Tests/VCRCassetteManagerTests.m; sourceTree = "<group>"; };
		B3B82882167E9B2B00CCEC3C /* VCRCassetteTests.h */ = {isa = PBXFileReference; fileEncoding = 4; lastKnownFileType = sourcecode.c.h; name = VCRCassetteTests.h; path = Tests/VCRCassetteTests.h; sourceTree = "<group>"; };
		B3B82883167E9B2B00CCEC3C /* VCRCassetteTests.m */ = {isa = PBXFileReference; fileEncoding = 4; lastKnownFileType = sourcecode.c.objc; name = VCRCassetteTests.m; path = Tests/VCRCassetteTests.m; sourceTree = "<group>"; };
		B3B82884167E9B2B00CCEC3C /* VCRRequestKeyTests.h */ = {isa = PBXFileReference; fileEncoding = 4; lastKnownFileType = sourcecode.c.h; name = VCRRequestKeyTests.h; path = Tests/VCRRequestKeyTests.h; sourceTree = "<group>"; };
		B3B82885167E9B2B00CCEC3C /* VCRRequestKeyTests.m */ = {isa = PBXFileReference; fileEncoding = 4; lastKnownFileType = sourcecode.c.objc; name = VCRRequestKeyTests.m; path = Tests/VCRRequestKeyTests.m; sourceTree = "<group>"; };
		B3B82888167E9B2B00CCEC3C /* VCRTests.h */ = {isa = PBXFileReference; fileEncoding = 4; lastKnownFileType = sourcecode.c.h; name = VCRTests.h; path = Tests/VCRTests.h; sourceTree = "<group>"; };
		B3B82889167E9B2B00CCEC3C /* VCRTests.m */ = {isa = PBXFileReference; fileEncoding = 4; lastKnownFileType = sourcecode.c.objc; name = VCRTests.m; path = Tests/VCRTests.m; sourceTree = "<group>"; };
		B3B8288A167E9B2B00CCEC3C /* VCRURLConnectionTests.h */ = {isa = PBXFileReference; fileEncoding = 4; lastKnownFileType = sourcecode.c.h; name = VCRURLConnectionTests.h; path = Tests/VCRURLConnectionTests.h; sourceTree = "<group>"; };
		B3B8288B167E9B2B00CCEC3C /* VCRURLConnectionTests.m */ = {isa = PBXFileReference; fileEncoding = 4; lastKnownFileType = sourcecode.c.objc; name = VCRURLConnectionTests.m; path = Tests/VCRURLConnectionTests.m; sourceTree = "<group>"; };
		B3B82894167E9B6800CCEC3C /* NSURLConnection+VCR.h */ = {isa = PBXFileReference; fileEncoding = 4; lastKnownFileType = sourcecode.c.h; name = "NSURLConnection+VCR.h"; path = "VCRURLConnection/NSURLConnection+VCR.h"; sourceTree = "<group>"; };
		B3B82895167E9B6800CCEC3C /* NSURLConnection+VCR.m */ = {isa = PBXFileReference; fileEncoding = 4; lastKnownFileType = sourcecode.c.objc; name = "NSURLConnection+VCR.m"; path = "VCRURLConnection/NSURLConnection+VCR.m"; sourceTree = "<group>"; };
		B3B82896167E9B6800CCEC3C /* VCR.h */ = {isa = PBXFileReference; fileEncoding = 4; lastKnownFileType = sourcecode.c.h; name = VCR.h; path = VCRURLConnection/VCR.h; sourceTree = "<group>"; };
		B3B82897167E9B6800CCEC3C /* VCR.m */ = {isa = PBXFileReference; fileEncoding = 4; lastKnownFileType = sourcecode.c.objc; name = VCR.m; path = VCRURLConnection/VCR.m; sourceTree = "<group>"; };
		B3B82898167E9B6800CCEC3C /* VCRCassette_Private.h */ = {isa = PBXFileReference; fileEncoding = 4; lastKnownFileType = sourcecode.c.h; name = VCRCassette_Private.h; path = VCRURLConnection/VCRCassette_Private.h; sourceTree = "<group>"; };
		B3B82899167E9B6800CCEC3C /* VCRCassette.h */ = {isa = PBXFileReference; fileEncoding = 4; lastKnownFileType = sourcecode.c.h; name = VCRCassette.h; path = VCRURLConnection/VCRCassette.h; sourceTree = "<group>"; };
		B3B8289A167E9B6800CCEC3C /* VCRCassette.m */ = {isa = PBXFileReference; fileEncoding = 4; lastKnownFileType = sourcecode.c.objc; name = VCRCassette.m; path = VCRURLConnection/VCRCassette.m; sourceTree = "<group>"; };
		B3B8289B167E9B6800CCEC3C /* VCRCassetteManager.h */ = {isa = PBXFileReference; fileEncoding = 4; lastKnownFileType = sourcecode.c.h; name = VCRCassetteManager.h; path = VCRURLConnection/VCRCassetteManager.h; sourceTree = "<group>"; };
		B3B8289C167E9B6800CCEC3C /* VCRCassetteManager.m */ = {isa = PBXFileReference; fileEncoding = 4; lastKnownFileType = sourcecode.c.objc; name = VCRCassetteManager.m; path = VCRURLConnection/VCRCassetteManager.m; sourceTree = "<group>"; };
		B3B8289D167E9B6800CCEC3C /* VCRConnectionDelegate.h */ = {isa = PBXFileReference; fileEncoding = 4; lastKnownFileType = sourcecode.c.h; name = VCRConnectionDelegate.h; path = VCRURLConnection/VCRConnectionDelegate.h; sourceTree = "<group>"; };
		B3B8289E167E9B6800CCEC3C /* VCRConnectionDelegate.m */ = {isa = PBXFileReference; fileEncoding = 4; lastKnownFileType = sourcecode.c.objc; name = VCRConnectionDelegate.m; path = VCRURLConnection/VCRConnectionDelegate.m; sourceTree = "<group>"; };
		B3B8289F167E9B6800CCEC3C /* VCRRequestKey.h */ = {isa = PBXFileReference; fileEncoding = 4; lastKnownFileType = sourcecode.c.h; name = VCRRequestKey.h; path = VCRURLConnection/VCRRequestKey.h; sourceTree = "<group>"; };
		B3B828A0167E9B6800CCEC3C /* VCRRequestKey.m */ = {isa = PBXFileReference; fileEncoding = 4; lastKnownFileType = sourcecode.c.objc; name = VCRRequestKey.m; path = VCRURLConnection/VCRRequestKey.m; sourceTree = "<group>"; };
		B3B828B2167E9D8500CCEC3C /* Tests-iOS.octest */ = {isa = PBXFileReference; explicitFileType = wrapper.cfbundle; includeInIndex = 0; path = "Tests-iOS.octest"; sourceTree = BUILT_PRODUCTS_DIR; };
		B3B828BA167E9D8500CCEC3C /* Tests-iOS-Info.plist */ = {isa = PBXFileReference; lastKnownFileType = text.plist.xml; path = "Tests-iOS-Info.plist"; sourceTree = "<group>"; };
		B3BB2511167F23EC00C5E3C6 /* SenTestCase+SRTAdditions.h */ = {isa = PBXFileReference; fileEncoding = 4; lastKnownFileType = sourcecode.c.h; name = "SenTestCase+SRTAdditions.h"; path = "Tests/SenTestCase+SRTAdditions.h"; sourceTree = "<group>"; };
		B3BB2512167F23EC00C5E3C6 /* SenTestCase+SRTAdditions.m */ = {isa = PBXFileReference; fileEncoding = 4; lastKnownFileType = sourcecode.c.objc; name = "SenTestCase+SRTAdditions.m"; path = "Tests/SenTestCase+SRTAdditions.m"; sourceTree = "<group>"; };
		C393569917B5DA460025DC53 /* VCROrderedMutableDictionary.h */ = {isa = PBXFileReference; fileEncoding = 4; lastKnownFileType = sourcecode.c.h; name = VCROrderedMutableDictionary.h; path = VCRURLConnection/VCROrderedMutableDictionary.h; sourceTree = "<group>"; };
		C393569A17B5DA460025DC53 /* VCROrderedMutableDictionary.m */ = {isa = PBXFileReference; fileEncoding = 4; lastKnownFileType = sourcecode.c.objc; name = VCROrderedMutableDictionary.m; path = VCRURLConnection/VCROrderedMutableDictionary.m; sourceTree = "<group>"; };
		EA99A7CF4F394B28B47BD373 /* Pods.xcconfig */ = {isa = PBXFileReference; includeInIndex = 1; lastKnownFileType = text.xcconfig; name = Pods.xcconfig; path = Pods/Pods.xcconfig; sourceTree = "<group>"; };
/* End PBXFileReference section */

/* Begin PBXFrameworksBuildPhase section */
		B3475B50167EA0680044511D /* Frameworks */ = {
			isa = PBXFrameworksBuildPhase;
			buildActionMask = 2147483647;
			files = (
				B3475B8C167EA37B0044511D /* UIKit.framework in Frameworks */,
			);
			runOnlyForDeploymentPostprocessing = 0;
		};
		B3B82860167E9A6500CCEC3C /* Frameworks */ = {
			isa = PBXFrameworksBuildPhase;
			buildActionMask = 2147483647;
			files = (
				B3B82868167E9A6500CCEC3C /* SenTestingKit.framework in Frameworks */,
				A7E99EF540BC4D76B6763024 /* libPods.a in Frameworks */,
			);
			runOnlyForDeploymentPostprocessing = 0;
		};
		B3B828AE167E9D8500CCEC3C /* Frameworks */ = {
			isa = PBXFrameworksBuildPhase;
			buildActionMask = 2147483647;
			files = (
				B3B828B3167E9D8500CCEC3C /* SenTestingKit.framework in Frameworks */,
			);
			runOnlyForDeploymentPostprocessing = 0;
		};
/* End PBXFrameworksBuildPhase section */

/* Begin PBXGroup section */
		B3475B59167EA0680044511D /* Example-iOS */ = {
			isa = PBXGroup;
			children = (
				B3475B68167EA0C30044511D /* VCRAppDelegate.h */,
				B3475B69167EA0C30044511D /* VCRAppDelegate.m */,
				B3475B6A167EA0C30044511D /* VCRCassetteViewController.h */,
				B3475B6B167EA0C30044511D /* VCRCassetteViewController.m */,
				B3475B6C167EA0C30044511D /* VCRCassetteViewController.xib */,
				B3475B6D167EA0C30044511D /* VCRRecordingViewController.h */,
				B3475B6E167EA0C30044511D /* VCRRecordingViewController.m */,
				B3475B6F167EA0C30044511D /* VCRRecordingViewController.xib */,
				B3475B70167EA0C30044511D /* VCRViewController.h */,
				B3475B71167EA0C30044511D /* VCRViewController.m */,
				B3475B81167EA1CF0044511D /* VCRViewController.xib */,
				B3475B7F167EA1400044511D /* cassette.json */,
				B3475B85167EA2960044511D /* Default-568h@2x.png */,
				B3475B86167EA2960044511D /* Default.png */,
				B3475B87167EA2960044511D /* Default@2x.png */,
				B3475B5A167EA0680044511D /* Supporting Files */,
			);
			path = "Example-iOS";
			sourceTree = "<group>";
		};
		B3475B5A167EA0680044511D /* Supporting Files */ = {
			isa = PBXGroup;
			children = (
				B3475B5B167EA0680044511D /* Example-iOS-Info.plist */,
				B3475B5C167EA0680044511D /* InfoPlist.strings */,
				B3475B5F167EA0680044511D /* main.m */,
				B3475B61167EA0680044511D /* Example-iOS-Prefix.pch */,
			);
			name = "Supporting Files";
			sourceTree = "<group>";
		};
		B3B8284C167E990F00CCEC3C = {
			isa = PBXGroup;
			children = (
				B3B82858167E996A00CCEC3C /* VCRURLConnection */,
				B3B8287C167E9AA400CCEC3C /* Tests */,
				B3B8286F167E9A6500CCEC3C /* Tests-OSX */,
				B3B828B8167E9D8500CCEC3C /* Tests-iOS */,
				B3475B59167EA0680044511D /* Example-iOS */,
				B3B82866167E9A6500CCEC3C /* Frameworks */,
				B3B82865167E9A6500CCEC3C /* Products */,
				EA99A7CF4F394B28B47BD373 /* Pods.xcconfig */,
			);
			sourceTree = "<group>";
		};
		B3B82858167E996A00CCEC3C /* VCRURLConnection */ = {
			isa = PBXGroup;
			children = (
				B3B82894167E9B6800CCEC3C /* NSURLConnection+VCR.h */,
				B3B82895167E9B6800CCEC3C /* NSURLConnection+VCR.m */,
				B3B82896167E9B6800CCEC3C /* VCR.h */,
				B3B82897167E9B6800CCEC3C /* VCR.m */,
				B3B82899167E9B6800CCEC3C /* VCRCassette.h */,
				B3B8289A167E9B6800CCEC3C /* VCRCassette.m */,
				B3B82898167E9B6800CCEC3C /* VCRCassette_Private.h */,
				B3B8289B167E9B6800CCEC3C /* VCRCassetteManager.h */,
				B3B8289C167E9B6800CCEC3C /* VCRCassetteManager.m */,
				B3B8289D167E9B6800CCEC3C /* VCRConnectionDelegate.h */,
				B3B8289E167E9B6800CCEC3C /* VCRConnectionDelegate.m */,
				C393569917B5DA460025DC53 /* VCROrderedMutableDictionary.h */,
				C393569A17B5DA460025DC53 /* VCROrderedMutableDictionary.m */,
				B3475BAD167EFFA70044511D /* VCRRecording.h */,
				B3475BAE167EFFA80044511D /* VCRRecording.m */,
				B3B8289F167E9B6800CCEC3C /* VCRRequestKey.h */,
				B3B828A0167E9B6800CCEC3C /* VCRRequestKey.m */,
			);
			name = VCRURLConnection;
			sourceTree = "<group>";
		};
		B3B82865167E9A6500CCEC3C /* Products */ = {
			isa = PBXGroup;
			children = (
				B3B82864167E9A6500CCEC3C /* Tests-OSX.octest */,
				B3B828B2167E9D8500CCEC3C /* Tests-iOS.octest */,
				B3475B53167EA0680044511D /* Example-iOS.app */,
			);
			name = Products;
			sourceTree = "<group>";
		};
		B3B82866167E9A6500CCEC3C /* Frameworks */ = {
			isa = PBXGroup;
			children = (
				B3475B8B167EA37B0044511D /* UIKit.framework */,
				B3B82867167E9A6500CCEC3C /* SenTestingKit.framework */,
				B3B8286B167E9A6500CCEC3C /* Other Frameworks */,
				10F0C61C1B1E4F4EAB51A1F4 /* libPods.a */,
			);
			name = Frameworks;
			sourceTree = "<group>";
		};
		B3B8286B167E9A6500CCEC3C /* Other Frameworks */ = {
			isa = PBXGroup;
			children = (
				B3B8286C167E9A6500CCEC3C /* AppKit.framework */,
				B3B8286D167E9A6500CCEC3C /* CoreData.framework */,
				B3B8286E167E9A6500CCEC3C /* Foundation.framework */,
			);
			name = "Other Frameworks";
			sourceTree = "<group>";
		};
		B3B8286F167E9A6500CCEC3C /* Tests-OSX */ = {
			isa = PBXGroup;
			children = (
				B3B82871167E9A6500CCEC3C /* Tests-OSX-Info.plist */,
			);
			path = "Tests-OSX";
			sourceTree = "<group>";
		};
		B3B8287C167E9AA400CCEC3C /* Tests */ = {
			isa = PBXGroup;
			children = (
				B3B82880167E9B2B00CCEC3C /* VCRCassetteManagerTests.h */,
				B3B82881167E9B2B00CCEC3C /* VCRCassetteManagerTests.m */,
				B3B82882167E9B2B00CCEC3C /* VCRCassetteTests.h */,
				B3B82883167E9B2B00CCEC3C /* VCRCassetteTests.m */,
				B3475BB7167F12620044511D /* VCRRecordingTests.h */,
				B3475BB8167F12620044511D /* VCRRecordingTests.m */,
				B3B82884167E9B2B00CCEC3C /* VCRRequestKeyTests.h */,
				B3B82885167E9B2B00CCEC3C /* VCRRequestKeyTests.m */,
				B3B82888167E9B2B00CCEC3C /* VCRTests.h */,
				B3B82889167E9B2B00CCEC3C /* VCRTests.m */,
				B3B8288A167E9B2B00CCEC3C /* VCRURLConnectionTests.h */,
				B3B8288B167E9B2B00CCEC3C /* VCRURLConnectionTests.m */,
				B3B8287D167E9B2B00CCEC3C /* cassette-1.json */,
				B3475B8D167EBF8F0044511D /* test.png */,
				B3BB251B167F243E00C5E3C6 /* Vendor */,
			);
			name = Tests;
			sourceTree = "<group>";
		};
		B3B828B8167E9D8500CCEC3C /* Tests-iOS */ = {
			isa = PBXGroup;
			children = (
				B3B828BA167E9D8500CCEC3C /* Tests-iOS-Info.plist */,
			);
			path = "Tests-iOS";
			sourceTree = "<group>";
		};
		B3BB251B167F243E00C5E3C6 /* Vendor */ = {
			isa = PBXGroup;
			children = (
				B3BB2511167F23EC00C5E3C6 /* SenTestCase+SRTAdditions.h */,
				B3BB2512167F23EC00C5E3C6 /* SenTestCase+SRTAdditions.m */,
			);
			name = Vendor;
			sourceTree = "<group>";
		};
/* End PBXGroup section */

/* Begin PBXNativeTarget section */
		B3475B52167EA0680044511D /* Example-iOS */ = {
			isa = PBXNativeTarget;
			buildConfigurationList = B3475B65167EA0680044511D /* Build configuration list for PBXNativeTarget "Example-iOS" */;
			buildPhases = (
				B3475B4F167EA0680044511D /* Sources */,
				B3475B50167EA0680044511D /* Frameworks */,
				B3475B51167EA0680044511D /* Resources */,
			);
			buildRules = (
			);
			dependencies = (
			);
			name = "Example-iOS";
			productName = "Example-iOS";
			productReference = B3475B53167EA0680044511D /* Example-iOS.app */;
			productType = "com.apple.product-type.application";
		};
		B3B82863167E9A6500CCEC3C /* Tests-OSX */ = {
			isa = PBXNativeTarget;
			buildConfigurationList = B3B82879167E9A6500CCEC3C /* Build configuration list for PBXNativeTarget "Tests-OSX" */;
			buildPhases = (
				28B4997BE5E541CAAA85639D /* Check Pods Manifest.lock */,
				B3B8285F167E9A6500CCEC3C /* Sources */,
				B3B82860167E9A6500CCEC3C /* Frameworks */,
				B3B82861167E9A6500CCEC3C /* Resources */,
				B3B82862167E9A6500CCEC3C /* ShellScript */,
				DBE45E5C229745F49F34D478 /* Copy Pods Resources */,
			);
			buildRules = (
			);
			dependencies = (
			);
			name = "Tests-OSX";
			productName = "Tests-OSX";
			productReference = B3B82864167E9A6500CCEC3C /* Tests-OSX.octest */;
			productType = "com.apple.product-type.bundle";
		};
		B3B828B1167E9D8500CCEC3C /* Tests-iOS */ = {
			isa = PBXNativeTarget;
			buildConfigurationList = B3B828C4167E9D8500CCEC3C /* Build configuration list for PBXNativeTarget "Tests-iOS" */;
			buildPhases = (
				B3B828AD167E9D8500CCEC3C /* Sources */,
				B3B828AE167E9D8500CCEC3C /* Frameworks */,
				B3B828AF167E9D8500CCEC3C /* Resources */,
				B3B828B0167E9D8500CCEC3C /* ShellScript */,
			);
			buildRules = (
			);
			dependencies = (
			);
			name = "Tests-iOS";
			productName = "Tests-iOS";
			productReference = B3B828B2167E9D8500CCEC3C /* Tests-iOS.octest */;
			productType = "com.apple.product-type.bundle";
		};
/* End PBXNativeTarget section */

/* Begin PBXProject section */
		B3B8284E167E990F00CCEC3C /* Project object */ = {
			isa = PBXProject;
			attributes = {
				LastUpgradeCheck = 0450;
			};
			buildConfigurationList = B3B82851167E990F00CCEC3C /* Build configuration list for PBXProject "VCRURLConnection" */;
			compatibilityVersion = "Xcode 3.2";
			developmentRegion = English;
			hasScannedForEncodings = 0;
			knownRegions = (
				en,
			);
			mainGroup = B3B8284C167E990F00CCEC3C;
			productRefGroup = B3B82865167E9A6500CCEC3C /* Products */;
			projectDirPath = "";
			projectRoot = "";
			targets = (
				B3B82863167E9A6500CCEC3C /* Tests-OSX */,
				B3B828B1167E9D8500CCEC3C /* Tests-iOS */,
				B3475B52167EA0680044511D /* Example-iOS */,
			);
		};
/* End PBXProject section */

/* Begin PBXResourcesBuildPhase section */
		B3475B51167EA0680044511D /* Resources */ = {
			isa = PBXResourcesBuildPhase;
			buildActionMask = 2147483647;
			files = (
				B3475B5E167EA0680044511D /* InfoPlist.strings in Resources */,
				B3475B74167EA0C30044511D /* VCRCassetteViewController.xib in Resources */,
				B3475B76167EA0C30044511D /* VCRRecordingViewController.xib in Resources */,
				B3475B80167EA1400044511D /* cassette.json in Resources */,
				B3475B82167EA1CF0044511D /* VCRViewController.xib in Resources */,
				B3475B88167EA2960044511D /* Default-568h@2x.png in Resources */,
				B3475B89167EA2960044511D /* Default.png in Resources */,
				B3475B8A167EA2960044511D /* Default@2x.png in Resources */,
			);
			runOnlyForDeploymentPostprocessing = 0;
		};
		B3B82861167E9A6500CCEC3C /* Resources */ = {
			isa = PBXResourcesBuildPhase;
			buildActionMask = 2147483647;
			files = (
				B3B8288C167E9B2B00CCEC3C /* cassette-1.json in Resources */,
				B3475B8E167EBF8F0044511D /* test.png in Resources */,
			);
			runOnlyForDeploymentPostprocessing = 0;
		};
		B3B828AF167E9D8500CCEC3C /* Resources */ = {
			isa = PBXResourcesBuildPhase;
			buildActionMask = 2147483647;
			files = (
				B3475B4A167E9DF10044511D /* cassette-1.json in Resources */,
				B3475B8F167EBF8F0044511D /* test.png in Resources */,
			);
			runOnlyForDeploymentPostprocessing = 0;
		};
/* End PBXResourcesBuildPhase section */

/* Begin PBXShellScriptBuildPhase section */
		28B4997BE5E541CAAA85639D /* Check Pods Manifest.lock */ = {
			isa = PBXShellScriptBuildPhase;
			buildActionMask = 2147483647;
			files = (
			);
			inputPaths = (
			);
			name = "Check Pods Manifest.lock";
			outputPaths = (
			);
			runOnlyForDeploymentPostprocessing = 0;
			shellPath = /bin/sh;
			shellScript = "diff \"${PODS_ROOT}/../Podfile.lock\" \"${PODS_ROOT}/Manifest.lock\" > /dev/null\nif [[ $? != 0 ]] ; then\n    cat << EOM\nerror: The sandbox is not in sync with the Podfile.lock. Run 'pod install' or update your CocoaPods installation.\nEOM\n    exit 1\nfi\n";
			showEnvVarsInLog = 0;
		};
		B3B82862167E9A6500CCEC3C /* ShellScript */ = {
			isa = PBXShellScriptBuildPhase;
			buildActionMask = 2147483647;
			files = (
			);
			inputPaths = (
			);
			outputPaths = (
			);
			runOnlyForDeploymentPostprocessing = 0;
			shellPath = /bin/sh;
			shellScript = "# Run the unit tests in this test bundle.\n\"${SYSTEM_DEVELOPER_DIR}/Tools/RunUnitTests\"\n";
		};
		B3B828B0167E9D8500CCEC3C /* ShellScript */ = {
			isa = PBXShellScriptBuildPhase;
			buildActionMask = 2147483647;
			files = (
			);
			inputPaths = (
			);
			outputPaths = (
			);
			runOnlyForDeploymentPostprocessing = 0;
			shellPath = /bin/sh;
			shellScript = "# Run the unit tests in this test bundle.\n\"${SYSTEM_DEVELOPER_DIR}/Tools/RunUnitTests\"\n";
		};
		DBE45E5C229745F49F34D478 /* Copy Pods Resources */ = {
			isa = PBXShellScriptBuildPhase;
			buildActionMask = 2147483647;
			files = (
			);
			inputPaths = (
			);
			name = "Copy Pods Resources";
			outputPaths = (
			);
			runOnlyForDeploymentPostprocessing = 0;
			shellPath = /bin/sh;
			shellScript = "\"${SRCROOT}/Pods/Pods-resources.sh\"\n";
			showEnvVarsInLog = 0;
		};
/* End PBXShellScriptBuildPhase section */

/* Begin PBXSourcesBuildPhase section */
		B3475B4F167EA0680044511D /* Sources */ = {
			isa = PBXSourcesBuildPhase;
			buildActionMask = 2147483647;
			files = (
				B3475B60167EA0680044511D /* main.m in Sources */,
				B3475B72167EA0C30044511D /* VCRAppDelegate.m in Sources */,
				B3475B73167EA0C30044511D /* VCRCassetteViewController.m in Sources */,
				B3475B75167EA0C30044511D /* VCRRecordingViewController.m in Sources */,
				B3475B77167EA0C30044511D /* VCRViewController.m in Sources */,
				B3475B78167EA1080044511D /* NSURLConnection+VCR.m in Sources */,
				B3475B79167EA1080044511D /* VCR.m in Sources */,
				B3475B7A167EA1080044511D /* VCRCassette.m in Sources */,
				B3475B7B167EA1080044511D /* VCRCassetteManager.m in Sources */,
				B3475B7C167EA1080044511D /* VCRConnectionDelegate.m in Sources */,
				B3475B7D167EA1080044511D /* VCRRequestKey.m in Sources */,
				B3475BB1167EFFA80044511D /* VCRRecording.m in Sources */,
				C393569B17B5DA460025DC53 /* VCROrderedMutableDictionary.m in Sources */,
			);
			runOnlyForDeploymentPostprocessing = 0;
		};
		B3B8285F167E9A6500CCEC3C /* Sources */ = {
			isa = PBXSourcesBuildPhase;
			buildActionMask = 2147483647;
			files = (
				B3B8288E167E9B2B00CCEC3C /* VCRCassetteManagerTests.m in Sources */,
				B3B8288F167E9B2B00CCEC3C /* VCRCassetteTests.m in Sources */,
				B3B82890167E9B2B00CCEC3C /* VCRRequestKeyTests.m in Sources */,
				B3B82892167E9B2B00CCEC3C /* VCRTests.m in Sources */,
				B3B82893167E9B2B00CCEC3C /* VCRURLConnectionTests.m in Sources */,
				B3B828A3167E9B6800CCEC3C /* NSURLConnection+VCR.m in Sources */,
				B3B828A4167E9B6800CCEC3C /* VCR.m in Sources */,
				B3B828A5167E9B6800CCEC3C /* VCRCassette.m in Sources */,
				B3B828A6167E9B6800CCEC3C /* VCRCassetteManager.m in Sources */,
				B3B828A7167E9B6800CCEC3C /* VCRConnectionDelegate.m in Sources */,
				B3B828A8167E9B6800CCEC3C /* VCRRequestKey.m in Sources */,
				B3475BAF167EFFA80044511D /* VCRRecording.m in Sources */,
				B3475BB9167F12620044511D /* VCRRecordingTests.m in Sources */,
				B3BB2513167F23EC00C5E3C6 /* SenTestCase+SRTAdditions.m in Sources */,
				C393569D17B5DA4F0025DC53 /* VCROrderedMutableDictionary.m in Sources */,
			);
			runOnlyForDeploymentPostprocessing = 0;
		};
		B3B828AD167E9D8500CCEC3C /* Sources */ = {
			isa = PBXSourcesBuildPhase;
			buildActionMask = 2147483647;
			files = (
				B3475B3C167E9DE60044511D /* NSURLConnection+VCR.m in Sources */,
				B3475B3D167E9DE60044511D /* VCR.m in Sources */,
				B3475B3E167E9DE60044511D /* VCRCassette.m in Sources */,
				B3475B3F167E9DE60044511D /* VCRCassetteManager.m in Sources */,
				B3475B40167E9DE60044511D /* VCRConnectionDelegate.m in Sources */,
				B3475B41167E9DE60044511D /* VCRRequestKey.m in Sources */,
				B3475B44167E9DF10044511D /* VCRCassetteManagerTests.m in Sources */,
				B3475B45167E9DF10044511D /* VCRCassetteTests.m in Sources */,
				B3475B46167E9DF10044511D /* VCRRequestKeyTests.m in Sources */,
				B3475B48167E9DF10044511D /* VCRTests.m in Sources */,
				B3475B49167E9DF10044511D /* VCRURLConnectionTests.m in Sources */,
				B3475BB0167EFFA80044511D /* VCRRecording.m in Sources */,
				B3475BBA167F12620044511D /* VCRRecordingTests.m in Sources */,
				B3BB2514167F23EC00C5E3C6 /* SenTestCase+SRTAdditions.m in Sources */,
				C393569C17B5DA4F0025DC53 /* VCROrderedMutableDictionary.m in Sources */,
			);
			runOnlyForDeploymentPostprocessing = 0;
		};
/* End PBXSourcesBuildPhase section */

/* Begin PBXVariantGroup section */
		B3475B5C167EA0680044511D /* InfoPlist.strings */ = {
			isa = PBXVariantGroup;
			children = (
				B3475B5D167EA0680044511D /* en */,
			);
			name = InfoPlist.strings;
			sourceTree = "<group>";
		};
/* End PBXVariantGroup section */

/* Begin XCBuildConfiguration section */
		B3475B66167EA0680044511D /* Debug */ = {
			isa = XCBuildConfiguration;
			buildSettings = {
				ALWAYS_SEARCH_USER_PATHS = NO;
				CLANG_CXX_LANGUAGE_STANDARD = "gnu++0x";
				CLANG_CXX_LIBRARY = "libc++";
				CLANG_ENABLE_OBJC_ARC = YES;
				CLANG_WARN_EMPTY_BODY = YES;
				CLANG_WARN__DUPLICATE_METHOD_MATCH = YES;
				"CODE_SIGN_IDENTITY[sdk=iphoneos*]" = "iPhone Developer";
				COPY_PHASE_STRIP = NO;
				FRAMEWORK_SEARCH_PATHS = (
					"$(inherited)",
					"\"$(SYSTEM_APPS_DIR)/Xcode.app/Contents/Developer/Library/Frameworks\"",
				);
				GCC_C_LANGUAGE_STANDARD = gnu99;
				GCC_DYNAMIC_NO_PIC = NO;
				GCC_OPTIMIZATION_LEVEL = 0;
				GCC_PRECOMPILE_PREFIX_HEADER = YES;
				GCC_PREFIX_HEADER = "Example-iOS/Example-iOS-Prefix.pch";
				GCC_PREPROCESSOR_DEFINITIONS = (
					"DEBUG=1",
					"$(inherited)",
				);
				GCC_SYMBOLS_PRIVATE_EXTERN = NO;
				GCC_WARN_ABOUT_RETURN_TYPE = YES;
				GCC_WARN_UNINITIALIZED_AUTOS = YES;
				GCC_WARN_UNUSED_VARIABLE = YES;
				INFOPLIST_FILE = "Example-iOS/Example-iOS-Info.plist";
				IPHONEOS_DEPLOYMENT_TARGET = 6.0;
				ONLY_ACTIVE_ARCH = YES;
				PRODUCT_NAME = "$(TARGET_NAME)";
				SDKROOT = iphoneos;
				WRAPPER_EXTENSION = app;
			};
			name = Debug;
		};
		B3475B67167EA0680044511D /* Release */ = {
			isa = XCBuildConfiguration;
			buildSettings = {
				ALWAYS_SEARCH_USER_PATHS = NO;
				CLANG_CXX_LANGUAGE_STANDARD = "gnu++0x";
				CLANG_CXX_LIBRARY = "libc++";
				CLANG_ENABLE_OBJC_ARC = YES;
				CLANG_WARN_EMPTY_BODY = YES;
				CLANG_WARN__DUPLICATE_METHOD_MATCH = YES;
				"CODE_SIGN_IDENTITY[sdk=iphoneos*]" = "iPhone Developer";
				COPY_PHASE_STRIP = YES;
				FRAMEWORK_SEARCH_PATHS = (
					"$(inherited)",
					"\"$(SYSTEM_APPS_DIR)/Xcode.app/Contents/Developer/Library/Frameworks\"",
				);
				GCC_C_LANGUAGE_STANDARD = gnu99;
				GCC_PRECOMPILE_PREFIX_HEADER = YES;
				GCC_PREFIX_HEADER = "Example-iOS/Example-iOS-Prefix.pch";
				GCC_WARN_ABOUT_RETURN_TYPE = YES;
				GCC_WARN_UNINITIALIZED_AUTOS = YES;
				GCC_WARN_UNUSED_VARIABLE = YES;
				INFOPLIST_FILE = "Example-iOS/Example-iOS-Info.plist";
				IPHONEOS_DEPLOYMENT_TARGET = 6.0;
				OTHER_CFLAGS = "-DNS_BLOCK_ASSERTIONS=1";
				PRODUCT_NAME = "$(TARGET_NAME)";
				SDKROOT = iphoneos;
				VALIDATE_PRODUCT = YES;
				WRAPPER_EXTENSION = app;
			};
			name = Release;
		};
		B3B82853167E990F00CCEC3C /* Debug */ = {
			isa = XCBuildConfiguration;
			buildSettings = {
			};
			name = Debug;
		};
		B3B82854167E990F00CCEC3C /* Release */ = {
			isa = XCBuildConfiguration;
			buildSettings = {
			};
			name = Release;
		};
		B3B8287A167E9A6500CCEC3C /* Debug */ = {
			isa = XCBuildConfiguration;
			baseConfigurationReference = EA99A7CF4F394B28B47BD373 /* Pods.xcconfig */;
			buildSettings = {
				ALWAYS_SEARCH_USER_PATHS = NO;
				ARCHS = "$(ARCHS_STANDARD_64_BIT)";
				CLANG_CXX_LANGUAGE_STANDARD = "gnu++0x";
				CLANG_CXX_LIBRARY = "libc++";
				CLANG_ENABLE_OBJC_ARC = YES;
				CLANG_WARN_EMPTY_BODY = YES;
				CLANG_WARN__DUPLICATE_METHOD_MATCH = YES;
				COMBINE_HIDPI_IMAGES = YES;
				COPY_PHASE_STRIP = NO;
				FRAMEWORK_SEARCH_PATHS = "\"$(DEVELOPER_LIBRARY_DIR)/Frameworks\"";
				GCC_C_LANGUAGE_STANDARD = gnu99;
				GCC_DYNAMIC_NO_PIC = NO;
				GCC_ENABLE_OBJC_EXCEPTIONS = YES;
				GCC_OPTIMIZATION_LEVEL = 0;
				GCC_PRECOMPILE_PREFIX_HEADER = YES;
				GCC_PREPROCESSOR_DEFINITIONS = (
					"DEBUG=1",
					"$(inherited)",
				);
				GCC_SYMBOLS_PRIVATE_EXTERN = NO;
				GCC_WARN_64_TO_32_BIT_CONVERSION = YES;
				GCC_WARN_ABOUT_RETURN_TYPE = YES;
				GCC_WARN_UNINITIALIZED_AUTOS = YES;
				GCC_WARN_UNUSED_VARIABLE = YES;
				INFOPLIST_FILE = "Tests-OSX/Tests-OSX-Info.plist";
				MACOSX_DEPLOYMENT_TARGET = 10.8;
				ONLY_ACTIVE_ARCH = YES;
				PRODUCT_NAME = "$(TARGET_NAME)";
				SDKROOT = macosx;
				WRAPPER_EXTENSION = octest;
			};
			name = Debug;
		};
		B3B8287B167E9A6500CCEC3C /* Release */ = {
			isa = XCBuildConfiguration;
			baseConfigurationReference = EA99A7CF4F394B28B47BD373 /* Pods.xcconfig */;
			buildSettings = {
				ALWAYS_SEARCH_USER_PATHS = NO;
				ARCHS = "$(ARCHS_STANDARD_64_BIT)";
				CLANG_CXX_LANGUAGE_STANDARD = "gnu++0x";
				CLANG_CXX_LIBRARY = "libc++";
				CLANG_ENABLE_OBJC_ARC = YES;
				CLANG_WARN_EMPTY_BODY = YES;
				CLANG_WARN__DUPLICATE_METHOD_MATCH = YES;
				COMBINE_HIDPI_IMAGES = YES;
				COPY_PHASE_STRIP = YES;
				DEBUG_INFORMATION_FORMAT = "dwarf-with-dsym";
				FRAMEWORK_SEARCH_PATHS = "\"$(DEVELOPER_LIBRARY_DIR)/Frameworks\"";
				GCC_C_LANGUAGE_STANDARD = gnu99;
				GCC_ENABLE_OBJC_EXCEPTIONS = YES;
				GCC_PRECOMPILE_PREFIX_HEADER = YES;
				GCC_WARN_64_TO_32_BIT_CONVERSION = YES;
				GCC_WARN_ABOUT_RETURN_TYPE = YES;
				GCC_WARN_UNINITIALIZED_AUTOS = YES;
				GCC_WARN_UNUSED_VARIABLE = YES;
				INFOPLIST_FILE = "Tests-OSX/Tests-OSX-Info.plist";
				MACOSX_DEPLOYMENT_TARGET = 10.8;
				PRODUCT_NAME = "$(TARGET_NAME)";
				SDKROOT = macosx;
				WRAPPER_EXTENSION = octest;
			};
			name = Release;
		};
		B3B828C2167E9D8500CCEC3C /* Debug */ = {
			isa = XCBuildConfiguration;
			buildSettings = {
				ALWAYS_SEARCH_USER_PATHS = NO;
				CLANG_CXX_LANGUAGE_STANDARD = "gnu++0x";
				CLANG_CXX_LIBRARY = "libc++";
				CLANG_ENABLE_OBJC_ARC = YES;
				CLANG_WARN_EMPTY_BODY = YES;
				CLANG_WARN__DUPLICATE_METHOD_MATCH = YES;
				COPY_PHASE_STRIP = NO;
				FRAMEWORK_SEARCH_PATHS = (
					"\"$(SDKROOT)/Developer/Library/Frameworks\"",
					"\"$(DEVELOPER_LIBRARY_DIR)/Frameworks\"",
				);
				GCC_C_LANGUAGE_STANDARD = gnu99;
				GCC_DYNAMIC_NO_PIC = NO;
				GCC_OPTIMIZATION_LEVEL = 0;
				GCC_PRECOMPILE_PREFIX_HEADER = YES;
				GCC_PREPROCESSOR_DEFINITIONS = (
					"DEBUG=1",
					"$(inherited)",
				);
				GCC_SYMBOLS_PRIVATE_EXTERN = NO;
				GCC_WARN_ABOUT_RETURN_TYPE = YES;
				GCC_WARN_UNINITIALIZED_AUTOS = YES;
				GCC_WARN_UNUSED_VARIABLE = YES;
				INFOPLIST_FILE = "Tests-iOS/Tests-iOS-Info.plist";
				IPHONEOS_DEPLOYMENT_TARGET = 6.0;
				ONLY_ACTIVE_ARCH = NO;
				PRODUCT_NAME = "$(TARGET_NAME)";
				SDKROOT = iphoneos;
				WRAPPER_EXTENSION = octest;
			};
			name = Debug;
		};
		B3B828C3167E9D8500CCEC3C /* Release */ = {
			isa = XCBuildConfiguration;
			buildSettings = {
				ALWAYS_SEARCH_USER_PATHS = NO;
				CLANG_CXX_LANGUAGE_STANDARD = "gnu++0x";
				CLANG_CXX_LIBRARY = "libc++";
				CLANG_ENABLE_OBJC_ARC = YES;
				CLANG_WARN_EMPTY_BODY = YES;
				CLANG_WARN__DUPLICATE_METHOD_MATCH = YES;
				COPY_PHASE_STRIP = YES;
				FRAMEWORK_SEARCH_PATHS = (
					"\"$(SDKROOT)/Developer/Library/Frameworks\"",
					"\"$(DEVELOPER_LIBRARY_DIR)/Frameworks\"",
				);
				GCC_C_LANGUAGE_STANDARD = gnu99;
				GCC_PRECOMPILE_PREFIX_HEADER = YES;
				GCC_WARN_ABOUT_RETURN_TYPE = YES;
				GCC_WARN_UNINITIALIZED_AUTOS = YES;
				GCC_WARN_UNUSED_VARIABLE = YES;
				INFOPLIST_FILE = "Tests-iOS/Tests-iOS-Info.plist";
				IPHONEOS_DEPLOYMENT_TARGET = 6.0;
				PRODUCT_NAME = "$(TARGET_NAME)";
				SDKROOT = iphoneos;
				VALIDATE_PRODUCT = YES;
				WRAPPER_EXTENSION = octest;
			};
			name = Release;
		};
/* End XCBuildConfiguration section */

/* Begin XCConfigurationList section */
		B3475B65167EA0680044511D /* Build configuration list for PBXNativeTarget "Example-iOS" */ = {
			isa = XCConfigurationList;
			buildConfigurations = (
				B3475B66167EA0680044511D /* Debug */,
				B3475B67167EA0680044511D /* Release */,
			);
			defaultConfigurationIsVisible = 0;
			defaultConfigurationName = Release;
		};
		B3B82851167E990F00CCEC3C /* Build configuration list for PBXProject "VCRURLConnection" */ = {
			isa = XCConfigurationList;
			buildConfigurations = (
				B3B82853167E990F00CCEC3C /* Debug */,
				B3B82854167E990F00CCEC3C /* Release */,
			);
			defaultConfigurationIsVisible = 0;
			defaultConfigurationName = Release;
		};
		B3B82879167E9A6500CCEC3C /* Build configuration list for PBXNativeTarget "Tests-OSX" */ = {
			isa = XCConfigurationList;
			buildConfigurations = (
				B3B8287A167E9A6500CCEC3C /* Debug */,
				B3B8287B167E9A6500CCEC3C /* Release */,
			);
			defaultConfigurationIsVisible = 0;
			defaultConfigurationName = Release;
		};
		B3B828C4167E9D8500CCEC3C /* Build configuration list for PBXNativeTarget "Tests-iOS" */ = {
			isa = XCConfigurationList;
			buildConfigurations = (
				B3B828C2167E9D8500CCEC3C /* Debug */,
				B3B828C3167E9D8500CCEC3C /* Release */,
			);
			defaultConfigurationIsVisible = 0;
			defaultConfigurationName = Release;
		};
/* End XCConfigurationList section */
	};
	rootObject = B3B8284E167E990F00CCEC3C /* Project object */;
}
