// !$*UTF8*$!
{
	archiveVersion = 1;
	classes = {
	};
	objectVersion = 46;
	objects = {

/* Begin PBXBuildFile section */
		B361B1061662BE9B00A867EB /* SenTestingKit.framework in Frameworks */ = {isa = PBXBuildFile; fileRef = B361B1051662BE9B00A867EB /* SenTestingKit.framework */; };
		B361B1081662BE9B00A867EB /* Cocoa.framework in Frameworks */ = {isa = PBXBuildFile; fileRef = B361B1071662BE9B00A867EB /* Cocoa.framework */; };
		B361B1121662BE9B00A867EB /* InfoPlist.strings in Resources */ = {isa = PBXBuildFile; fileRef = B361B1101662BE9B00A867EB /* InfoPlist.strings */; };
		B361B1271662BEB500A867EB /* NSURLConnection+VCR.m in Sources */ = {isa = PBXBuildFile; fileRef = B361B11C1662BEB500A867EB /* NSURLConnection+VCR.m */; };
		B361B1281662BEB500A867EB /* VCR.m in Sources */ = {isa = PBXBuildFile; fileRef = B361B11E1662BEB500A867EB /* VCR.m */; };
		B361B1291662BEB500A867EB /* VCRCassette.m in Sources */ = {isa = PBXBuildFile; fileRef = B361B1201662BEB500A867EB /* VCRCassette.m */; };
		B361B12A1662BEB500A867EB /* VCRCassetteManager.m in Sources */ = {isa = PBXBuildFile; fileRef = B361B1221662BEB500A867EB /* VCRCassetteManager.m */; };
		B361B12B1662BEB500A867EB /* VCRConnectionDelegate.m in Sources */ = {isa = PBXBuildFile; fileRef = B361B1241662BEB500A867EB /* VCRConnectionDelegate.m */; };
		B361B12C1662BEB500A867EB /* VCRResponse.m in Sources */ = {isa = PBXBuildFile; fileRef = B361B1261662BEB500A867EB /* VCRResponse.m */; };
		B361B12F1662C39600A867EB /* VCRCassetteTests.m in Sources */ = {isa = PBXBuildFile; fileRef = B361B12E1662C39600A867EB /* VCRCassetteTests.m */; };
		B361B1351662C5C300A867EB /* cassette-1.json in Resources */ = {isa = PBXBuildFile; fileRef = B361B1341662C5C300A867EB /* cassette-1.json */; };
		B361B13A1662D70900A867EB /* VCRResponseTests.m in Sources */ = {isa = PBXBuildFile; fileRef = B361B1391662D70900A867EB /* VCRResponseTests.m */; };
/* End PBXBuildFile section */

/* Begin PBXFileReference section */
		B361B1021662BE9B00A867EB /* Tests.octest */ = {isa = PBXFileReference; explicitFileType = wrapper.cfbundle; includeInIndex = 0; path = Tests.octest; sourceTree = BUILT_PRODUCTS_DIR; };
		B361B1051662BE9B00A867EB /* SenTestingKit.framework */ = {isa = PBXFileReference; lastKnownFileType = wrapper.framework; name = SenTestingKit.framework; path = Library/Frameworks/SenTestingKit.framework; sourceTree = DEVELOPER_DIR; };
		B361B1071662BE9B00A867EB /* Cocoa.framework */ = {isa = PBXFileReference; lastKnownFileType = wrapper.framework; name = Cocoa.framework; path = Library/Frameworks/Cocoa.framework; sourceTree = DEVELOPER_DIR; };
		B361B10A1662BE9B00A867EB /* AppKit.framework */ = {isa = PBXFileReference; lastKnownFileType = wrapper.framework; name = AppKit.framework; path = Library/Frameworks/AppKit.framework; sourceTree = SDKROOT; };
		B361B10B1662BE9B00A867EB /* CoreData.framework */ = {isa = PBXFileReference; lastKnownFileType = wrapper.framework; name = CoreData.framework; path = Library/Frameworks/CoreData.framework; sourceTree = SDKROOT; };
		B361B10C1662BE9B00A867EB /* Foundation.framework */ = {isa = PBXFileReference; lastKnownFileType = wrapper.framework; name = Foundation.framework; path = Library/Frameworks/Foundation.framework; sourceTree = SDKROOT; };
		B361B10F1662BE9B00A867EB /* Tests-Info.plist */ = {isa = PBXFileReference; lastKnownFileType = text.plist.xml; path = "Tests-Info.plist"; sourceTree = "<group>"; };
		B361B1111662BE9B00A867EB /* en */ = {isa = PBXFileReference; lastKnownFileType = text.plist.strings; name = en; path = en.lproj/InfoPlist.strings; sourceTree = "<group>"; };
		B361B1161662BE9B00A867EB /* Tests-Prefix.pch */ = {isa = PBXFileReference; lastKnownFileType = sourcecode.c.h; path = "Tests-Prefix.pch"; sourceTree = "<group>"; };
		B361B11B1662BEB500A867EB /* NSURLConnection+VCR.h */ = {isa = PBXFileReference; fileEncoding = 4; lastKnownFileType = sourcecode.c.h; name = "NSURLConnection+VCR.h"; path = "../VCRURLConnection/NSURLConnection+VCR.h"; sourceTree = "<group>"; };
		B361B11C1662BEB500A867EB /* NSURLConnection+VCR.m */ = {isa = PBXFileReference; fileEncoding = 4; lastKnownFileType = sourcecode.c.objc; name = "NSURLConnection+VCR.m"; path = "../VCRURLConnection/NSURLConnection+VCR.m"; sourceTree = "<group>"; };
		B361B11D1662BEB500A867EB /* VCR.h */ = {isa = PBXFileReference; fileEncoding = 4; lastKnownFileType = sourcecode.c.h; name = VCR.h; path = ../VCRURLConnection/VCR.h; sourceTree = "<group>"; };
		B361B11E1662BEB500A867EB /* VCR.m */ = {isa = PBXFileReference; fileEncoding = 4; lastKnownFileType = sourcecode.c.objc; name = VCR.m; path = ../VCRURLConnection/VCR.m; sourceTree = "<group>"; };
		B361B11F1662BEB500A867EB /* VCRCassette.h */ = {isa = PBXFileReference; fileEncoding = 4; lastKnownFileType = sourcecode.c.h; name = VCRCassette.h; path = ../VCRURLConnection/VCRCassette.h; sourceTree = "<group>"; };
		B361B1201662BEB500A867EB /* VCRCassette.m */ = {isa = PBXFileReference; fileEncoding = 4; lastKnownFileType = sourcecode.c.objc; name = VCRCassette.m; path = ../VCRURLConnection/VCRCassette.m; sourceTree = "<group>"; };
		B361B1211662BEB500A867EB /* VCRCassetteManager.h */ = {isa = PBXFileReference; fileEncoding = 4; lastKnownFileType = sourcecode.c.h; name = VCRCassetteManager.h; path = ../VCRURLConnection/VCRCassetteManager.h; sourceTree = "<group>"; };
		B361B1221662BEB500A867EB /* VCRCassetteManager.m */ = {isa = PBXFileReference; fileEncoding = 4; lastKnownFileType = sourcecode.c.objc; name = VCRCassetteManager.m; path = ../VCRURLConnection/VCRCassetteManager.m; sourceTree = "<group>"; };
		B361B1231662BEB500A867EB /* VCRConnectionDelegate.h */ = {isa = PBXFileReference; fileEncoding = 4; lastKnownFileType = sourcecode.c.h; name = VCRConnectionDelegate.h; path = ../VCRURLConnection/VCRConnectionDelegate.h; sourceTree = "<group>"; };
		B361B1241662BEB500A867EB /* VCRConnectionDelegate.m */ = {isa = PBXFileReference; fileEncoding = 4; lastKnownFileType = sourcecode.c.objc; name = VCRConnectionDelegate.m; path = ../VCRURLConnection/VCRConnectionDelegate.m; sourceTree = "<group>"; };
		B361B1251662BEB500A867EB /* VCRResponse.h */ = {isa = PBXFileReference; fileEncoding = 4; lastKnownFileType = sourcecode.c.h; name = VCRResponse.h; path = ../VCRURLConnection/VCRResponse.h; sourceTree = "<group>"; };
		B361B1261662BEB500A867EB /* VCRResponse.m */ = {isa = PBXFileReference; fileEncoding = 4; lastKnownFileType = sourcecode.c.objc; name = VCRResponse.m; path = ../VCRURLConnection/VCRResponse.m; sourceTree = "<group>"; };
		B361B12D1662C39600A867EB /* VCRCassetteTests.h */ = {isa = PBXFileReference; fileEncoding = 4; lastKnownFileType = sourcecode.c.h; path = VCRCassetteTests.h; sourceTree = "<group>"; };
		B361B12E1662C39600A867EB /* VCRCassetteTests.m */ = {isa = PBXFileReference; fileEncoding = 4; lastKnownFileType = sourcecode.c.objc; path = VCRCassetteTests.m; sourceTree = "<group>"; };
		B361B1341662C5C300A867EB /* cassette-1.json */ = {isa = PBXFileReference; fileEncoding = 4; lastKnownFileType = text.json; name = "cassette-1.json"; path = "Fixtures/cassette-1.json"; sourceTree = SOURCE_ROOT; };
		B361B1371662CFC500A867EB /* VCRCassette_Private.h */ = {isa = PBXFileReference; lastKnownFileType = sourcecode.c.h; name = VCRCassette_Private.h; path = ../VCRURLConnection/VCRCassette_Private.h; sourceTree = "<group>"; };
		B361B1381662D70900A867EB /* VCRResponseTests.h */ = {isa = PBXFileReference; fileEncoding = 4; lastKnownFileType = sourcecode.c.h; path = VCRResponseTests.h; sourceTree = "<group>"; };
		B361B1391662D70900A867EB /* VCRResponseTests.m */ = {isa = PBXFileReference; fileEncoding = 4; lastKnownFileType = sourcecode.c.objc; path = VCRResponseTests.m; sourceTree = "<group>"; };
/* End PBXFileReference section */

/* Begin PBXFrameworksBuildPhase section */
		B361B0FE1662BE9B00A867EB /* Frameworks */ = {
			isa = PBXFrameworksBuildPhase;
			buildActionMask = 2147483647;
			files = (
				B361B1061662BE9B00A867EB /* SenTestingKit.framework in Frameworks */,
				B361B1081662BE9B00A867EB /* Cocoa.framework in Frameworks */,
			);
			runOnlyForDeploymentPostprocessing = 0;
		};
/* End PBXFrameworksBuildPhase section */

/* Begin PBXGroup section */
		B361B0F41662BE7B00A867EB = {
			isa = PBXGroup;
			children = (
				B361B11A1662BEAB00A867EB /* VCRURLConnection */,
				B361B10D1662BE9B00A867EB /* Tests */,
				B361B1041662BE9B00A867EB /* Frameworks */,
				B361B1031662BE9B00A867EB /* Products */,
			);
			sourceTree = "<group>";
		};
		B361B1031662BE9B00A867EB /* Products */ = {
			isa = PBXGroup;
			children = (
				B361B1021662BE9B00A867EB /* Tests.octest */,
			);
			name = Products;
			sourceTree = "<group>";
		};
		B361B1041662BE9B00A867EB /* Frameworks */ = {
			isa = PBXGroup;
			children = (
				B361B1051662BE9B00A867EB /* SenTestingKit.framework */,
				B361B1071662BE9B00A867EB /* Cocoa.framework */,
				B361B1091662BE9B00A867EB /* Other Frameworks */,
			);
			name = Frameworks;
			sourceTree = "<group>";
		};
		B361B1091662BE9B00A867EB /* Other Frameworks */ = {
			isa = PBXGroup;
			children = (
				B361B10A1662BE9B00A867EB /* AppKit.framework */,
				B361B10B1662BE9B00A867EB /* CoreData.framework */,
				B361B10C1662BE9B00A867EB /* Foundation.framework */,
			);
			name = "Other Frameworks";
			sourceTree = "<group>";
		};
		B361B10D1662BE9B00A867EB /* Tests */ = {
			isa = PBXGroup;
			children = (
				B361B12D1662C39600A867EB /* VCRCassetteTests.h */,
				B361B12E1662C39600A867EB /* VCRCassetteTests.m */,
				B361B1381662D70900A867EB /* VCRResponseTests.h */,
				B361B1391662D70900A867EB /* VCRResponseTests.m */,
				B361B1301662C4B900A867EB /* Fixtures */,
				B361B10E1662BE9B00A867EB /* Supporting Files */,
			);
			path = Tests;
			sourceTree = "<group>";
		};
		B361B10E1662BE9B00A867EB /* Supporting Files */ = {
			isa = PBXGroup;
			children = (
				B361B10F1662BE9B00A867EB /* Tests-Info.plist */,
				B361B1101662BE9B00A867EB /* InfoPlist.strings */,
				B361B1161662BE9B00A867EB /* Tests-Prefix.pch */,
			);
			name = "Supporting Files";
			sourceTree = "<group>";
		};
		B361B11A1662BEAB00A867EB /* VCRURLConnection */ = {
			isa = PBXGroup;
			children = (
				B361B11B1662BEB500A867EB /* NSURLConnection+VCR.h */,
				B361B11C1662BEB500A867EB /* NSURLConnection+VCR.m */,
				B361B11D1662BEB500A867EB /* VCR.h */,
				B361B11E1662BEB500A867EB /* VCR.m */,
				B361B11F1662BEB500A867EB /* VCRCassette.h */,
				B361B1201662BEB500A867EB /* VCRCassette.m */,
				B361B1371662CFC500A867EB /* VCRCassette_Private.h */,
				B361B1211662BEB500A867EB /* VCRCassetteManager.h */,
				B361B1221662BEB500A867EB /* VCRCassetteManager.m */,
				B361B1231662BEB500A867EB /* VCRConnectionDelegate.h */,
				B361B1241662BEB500A867EB /* VCRConnectionDelegate.m */,
				B361B1251662BEB500A867EB /* VCRResponse.h */,
				B361B1261662BEB500A867EB /* VCRResponse.m */,
			);
			name = VCRURLConnection;
			sourceTree = "<group>";
		};
		B361B1301662C4B900A867EB /* Fixtures */ = {
			isa = PBXGroup;
			children = (
				B361B1341662C5C300A867EB /* cassette-1.json */,
			);
			name = Fixtures;
			sourceTree = "<group>";
		};
/* End PBXGroup section */

/* Begin PBXNativeTarget section */
		B361B1011662BE9B00A867EB /* Tests */ = {
			isa = PBXNativeTarget;
			buildConfigurationList = B361B1171662BE9B00A867EB /* Build configuration list for PBXNativeTarget "Tests" */;
			buildPhases = (
				B361B0FD1662BE9B00A867EB /* Sources */,
				B361B0FE1662BE9B00A867EB /* Frameworks */,
				B361B0FF1662BE9B00A867EB /* Resources */,
				B361B1001662BE9B00A867EB /* ShellScript */,
			);
			buildRules = (
			);
			dependencies = (
			);
			name = Tests;
			productName = Tests;
			productReference = B361B1021662BE9B00A867EB /* Tests.octest */;
			productType = "com.apple.product-type.bundle";
		};
/* End PBXNativeTarget section */

/* Begin PBXProject section */
		B361B0F61662BE7B00A867EB /* Project object */ = {
			isa = PBXProject;
			attributes = {
				LastUpgradeCheck = 0450;
			};
			buildConfigurationList = B361B0F91662BE7B00A867EB /* Build configuration list for PBXProject "Tests" */;
			compatibilityVersion = "Xcode 3.2";
			developmentRegion = English;
			hasScannedForEncodings = 0;
			knownRegions = (
				en,
			);
			mainGroup = B361B0F41662BE7B00A867EB;
			productRefGroup = B361B1031662BE9B00A867EB /* Products */;
			projectDirPath = "";
			projectRoot = "";
			targets = (
				B361B1011662BE9B00A867EB /* Tests */,
			);
		};
/* End PBXProject section */

/* Begin PBXResourcesBuildPhase section */
		B361B0FF1662BE9B00A867EB /* Resources */ = {
			isa = PBXResourcesBuildPhase;
			buildActionMask = 2147483647;
			files = (
				B361B1121662BE9B00A867EB /* InfoPlist.strings in Resources */,
				B361B1351662C5C300A867EB /* cassette-1.json in Resources */,
			);
			runOnlyForDeploymentPostprocessing = 0;
		};
/* End PBXResourcesBuildPhase section */

/* Begin PBXShellScriptBuildPhase section */
		B361B1001662BE9B00A867EB /* ShellScript */ = {
			isa = PBXShellScriptBuildPhase;
			buildActionMask = 2147483647;
			files = (
			);
			inputPaths = (
			);
			outputPaths = (
			);
			runOnlyForDeploymentPostprocessing = 0;
			shellPath = /bin/sh;
			shellScript = "# Run the unit tests in this test bundle.\n\"${SYSTEM_DEVELOPER_DIR}/Tools/RunUnitTests\"\n";
		};
/* End PBXShellScriptBuildPhase section */

/* Begin PBXSourcesBuildPhase section */
		B361B0FD1662BE9B00A867EB /* Sources */ = {
			isa = PBXSourcesBuildPhase;
			buildActionMask = 2147483647;
			files = (
				B361B1271662BEB500A867EB /* NSURLConnection+VCR.m in Sources */,
				B361B1281662BEB500A867EB /* VCR.m in Sources */,
				B361B1291662BEB500A867EB /* VCRCassette.m in Sources */,
				B361B12A1662BEB500A867EB /* VCRCassetteManager.m in Sources */,
				B361B12B1662BEB500A867EB /* VCRConnectionDelegate.m in Sources */,
				B361B12C1662BEB500A867EB /* VCRResponse.m in Sources */,
				B361B12F1662C39600A867EB /* VCRCassetteTests.m in Sources */,
				B361B13A1662D70900A867EB /* VCRResponseTests.m in Sources */,
			);
			runOnlyForDeploymentPostprocessing = 0;
		};
/* End PBXSourcesBuildPhase section */

/* Begin PBXVariantGroup section */
		B361B1101662BE9B00A867EB /* InfoPlist.strings */ = {
			isa = PBXVariantGroup;
			children = (
				B361B1111662BE9B00A867EB /* en */,
			);
			name = InfoPlist.strings;
			sourceTree = "<group>";
		};
/* End PBXVariantGroup section */

/* Begin XCBuildConfiguration section */
		B361B0FB1662BE7B00A867EB /* Debug */ = {
			isa = XCBuildConfiguration;
			buildSettings = {
			};
			name = Debug;
		};
		B361B0FC1662BE7B00A867EB /* Release */ = {
			isa = XCBuildConfiguration;
			buildSettings = {
			};
			name = Release;
		};
		B361B1181662BE9B00A867EB /* Debug */ = {
			isa = XCBuildConfiguration;
			buildSettings = {
				ALWAYS_SEARCH_USER_PATHS = NO;
				ARCHS = "$(ARCHS_STANDARD_64_BIT)";
				CLANG_CXX_LANGUAGE_STANDARD = "gnu++0x";
				CLANG_CXX_LIBRARY = "libc++";
				CLANG_WARN_EMPTY_BODY = YES;
				CLANG_WARN__DUPLICATE_METHOD_MATCH = YES;
				COMBINE_HIDPI_IMAGES = YES;
				COPY_PHASE_STRIP = NO;
				FRAMEWORK_SEARCH_PATHS = "\"$(DEVELOPER_LIBRARY_DIR)/Frameworks\"";
				GCC_C_LANGUAGE_STANDARD = gnu99;
				GCC_DYNAMIC_NO_PIC = NO;
				GCC_ENABLE_OBJC_EXCEPTIONS = YES;
				GCC_OPTIMIZATION_LEVEL = 0;
				GCC_PRECOMPILE_PREFIX_HEADER = YES;
				GCC_PREFIX_HEADER = "Tests/Tests-Prefix.pch";
				GCC_PREPROCESSOR_DEFINITIONS = (
					"DEBUG=1",
					"$(inherited)",
				);
				GCC_SYMBOLS_PRIVATE_EXTERN = NO;
				GCC_WARN_64_TO_32_BIT_CONVERSION = YES;
				GCC_WARN_ABOUT_RETURN_TYPE = YES;
				GCC_WARN_UNINITIALIZED_AUTOS = YES;
				GCC_WARN_UNUSED_VARIABLE = YES;
				INFOPLIST_FILE = "Tests/Tests-Info.plist";
				MACOSX_DEPLOYMENT_TARGET = 10.8;
				ONLY_ACTIVE_ARCH = YES;
				PRODUCT_NAME = "$(TARGET_NAME)";
				SDKROOT = macosx;
				WRAPPER_EXTENSION = octest;
			};
			name = Debug;
		};
		B361B1191662BE9B00A867EB /* Release */ = {
			isa = XCBuildConfiguration;
			buildSettings = {
				ALWAYS_SEARCH_USER_PATHS = NO;
				ARCHS = "$(ARCHS_STANDARD_64_BIT)";
				CLANG_CXX_LANGUAGE_STANDARD = "gnu++0x";
				CLANG_CXX_LIBRARY = "libc++";
				CLANG_WARN_EMPTY_BODY = YES;
				CLANG_WARN__DUPLICATE_METHOD_MATCH = YES;
				COMBINE_HIDPI_IMAGES = YES;
				COPY_PHASE_STRIP = YES;
				DEBUG_INFORMATION_FORMAT = "dwarf-with-dsym";
				FRAMEWORK_SEARCH_PATHS = "\"$(DEVELOPER_LIBRARY_DIR)/Frameworks\"";
				GCC_C_LANGUAGE_STANDARD = gnu99;
				GCC_ENABLE_OBJC_EXCEPTIONS = YES;
				GCC_PRECOMPILE_PREFIX_HEADER = YES;
				GCC_PREFIX_HEADER = "Tests/Tests-Prefix.pch";
				GCC_WARN_64_TO_32_BIT_CONVERSION = YES;
				GCC_WARN_ABOUT_RETURN_TYPE = YES;
				GCC_WARN_UNINITIALIZED_AUTOS = YES;
				GCC_WARN_UNUSED_VARIABLE = YES;
				INFOPLIST_FILE = "Tests/Tests-Info.plist";
				MACOSX_DEPLOYMENT_TARGET = 10.8;
				PRODUCT_NAME = "$(TARGET_NAME)";
				SDKROOT = macosx;
				WRAPPER_EXTENSION = octest;
			};
			name = Release;
		};
/* End XCBuildConfiguration section */

/* Begin XCConfigurationList section */
		B361B0F91662BE7B00A867EB /* Build configuration list for PBXProject "Tests" */ = {
			isa = XCConfigurationList;
			buildConfigurations = (
				B361B0FB1662BE7B00A867EB /* Debug */,
				B361B0FC1662BE7B00A867EB /* Release */,
			);
			defaultConfigurationIsVisible = 0;
			defaultConfigurationName = Release;
		};
		B361B1171662BE9B00A867EB /* Build configuration list for PBXNativeTarget "Tests" */ = {
			isa = XCConfigurationList;
			buildConfigurations = (
				B361B1181662BE9B00A867EB /* Debug */,
				B361B1191662BE9B00A867EB /* Release */,
			);
			defaultConfigurationIsVisible = 0;
			defaultConfigurationName = Release;
		};
/* End XCConfigurationList section */
	};
	rootObject = B361B0F61662BE7B00A867EB /* Project object */;
}
